// !$*UTF8*$!
{
	archiveVersion = 1;
	classes = {
	};
	objectVersion = 56;
	objects = {

/* Begin PBXBuildFile section */
		57164BD02AC5AFA700C92BF9 /* HealthBudyApp.swift in Sources */ = {isa = PBXBuildFile; fileRef = 57164BCF2AC5AFA700C92BF9 /* HealthBudyApp.swift */; };
		57164BD22AC5AFA700C92BF9 /* ContentView.swift in Sources */ = {isa = PBXBuildFile; fileRef = 57164BD12AC5AFA700C92BF9 /* ContentView.swift */; };
		57164BD42AC5AFA900C92BF9 /* Assets.xcassets in Resources */ = {isa = PBXBuildFile; fileRef = 57164BD32AC5AFA900C92BF9 /* Assets.xcassets */; };
		57164BD72AC5AFA900C92BF9 /* Preview Assets.xcassets in Resources */ = {isa = PBXBuildFile; fileRef = 57164BD62AC5AFA900C92BF9 /* Preview Assets.xcassets */; };
		57164BE12AC5AFA900C92BF9 /* HealthBudyTests.swift in Sources */ = {isa = PBXBuildFile; fileRef = 57164BE02AC5AFA900C92BF9 /* HealthBudyTests.swift */; };
		57164BEB2AC5AFA900C92BF9 /* HealthBudyUITests.swift in Sources */ = {isa = PBXBuildFile; fileRef = 57164BEA2AC5AFA900C92BF9 /* HealthBudyUITests.swift */; };
		57164BED2AC5AFA900C92BF9 /* HealthBudyUITestsLaunchTests.swift in Sources */ = {isa = PBXBuildFile; fileRef = 57164BEC2AC5AFA900C92BF9 /* HealthBudyUITestsLaunchTests.swift */; };
		57164BFC2AC5C50500C92BF9 /* LoginPage.swift in Sources */ = {isa = PBXBuildFile; fileRef = 57164BFB2AC5C50500C92BF9 /* LoginPage.swift */; };
		5725F9372B15F7FC00289B71 /* WatchView.swift in Sources */ = {isa = PBXBuildFile; fileRef = 5725F9362B15F7FC00289B71 /* WatchView.swift */; };
		5725F9792B15FD7500289B71 /* SBInvetoryFoodView.swift in Sources */ = {isa = PBXBuildFile; fileRef = 5725F9782B15FD7500289B71 /* SBInvetoryFoodView.swift */; };
		5725F97B2B15FDE000289B71 /* SideBarInvetoryFoodView.swift in Sources */ = {isa = PBXBuildFile; fileRef = 5725F97A2B15FDE000289B71 /* SideBarInvetoryFoodView.swift */; };
		5725F97D2B1608E200289B71 /* SBInvetoryClothView.swift in Sources */ = {isa = PBXBuildFile; fileRef = 5725F97C2B1608E200289B71 /* SBInvetoryClothView.swift */; };
		5725F97F2B16091700289B71 /* SideBarInvetoryClothView.swift in Sources */ = {isa = PBXBuildFile; fileRef = 5725F97E2B16091700289B71 /* SideBarInvetoryClothView.swift */; };
		5725F9812B1609C300289B71 /* SideBarInvetoryAccessoriesView.swift in Sources */ = {isa = PBXBuildFile; fileRef = 5725F9802B1609C300289B71 /* SideBarInvetoryAccessoriesView.swift */; };
		5725F9832B1609F200289B71 /* SBInvetoryAccessoriesView.swift in Sources */ = {isa = PBXBuildFile; fileRef = 5725F9822B1609F200289B71 /* SBInvetoryAccessoriesView.swift */; };
		572A7C8E2ACDE5E70011073C /* LoginViewModel.swift in Sources */ = {isa = PBXBuildFile; fileRef = 572A7C8D2ACDE5E70011073C /* LoginViewModel.swift */; };
		5754A3AA2B124657001FE857 /* SettingsButtonView.swift in Sources */ = {isa = PBXBuildFile; fileRef = 5754A3A92B124657001FE857 /* SettingsButtonView.swift */; };
		5754A3AC2B124710001FE857 /* charNameView.swift in Sources */ = {isa = PBXBuildFile; fileRef = 5754A3AB2B124710001FE857 /* charNameView.swift */; };
		5754A3AE2B12473E001FE857 /* charLevelView.swift in Sources */ = {isa = PBXBuildFile; fileRef = 5754A3AD2B12473E001FE857 /* charLevelView.swift */; };
		5760194E2AC6CB2B000CD937 /* NewAccountPage.swift in Sources */ = {isa = PBXBuildFile; fileRef = 5760194D2AC6CB2B000CD937 /* NewAccountPage.swift */; };
		576019522AC6CB6D000CD937 /* NewAccountPopup.swift in Sources */ = {isa = PBXBuildFile; fileRef = 576019512AC6CB6D000CD937 /* NewAccountPopup.swift */; };
		576019542AC6CB78000CD937 /* NewAccountAnimation.swift in Sources */ = {isa = PBXBuildFile; fileRef = 576019532AC6CB78000CD937 /* NewAccountAnimation.swift */; };
		576019562AC6E968000CD937 /* MainActivity.swift in Sources */ = {isa = PBXBuildFile; fileRef = 576019552AC6E968000CD937 /* MainActivity.swift */; };
		576A13862B0CB179007B1828 /* HomeActivity.swift in Sources */ = {isa = PBXBuildFile; fileRef = 576A13852B0CB179007B1828 /* HomeActivity.swift */; };
		576A13B22B0CDA19007B1828 /* BuildSheet.swift in Sources */ = {isa = PBXBuildFile; fileRef = 576A13B12B0CDA19007B1828 /* BuildSheet.swift */; };
		576A13B42B0CFEC0007B1828 /* TopBarView.swift in Sources */ = {isa = PBXBuildFile; fileRef = 576A13B32B0CFEC0007B1828 /* TopBarView.swift */; };
		576A13B62B0CFF8F007B1828 /* BottomBarView.swift in Sources */ = {isa = PBXBuildFile; fileRef = 576A13B52B0CFF8E007B1828 /* BottomBarView.swift */; };
		576A13B82B0D0103007B1828 /* MainContentView.swift in Sources */ = {isa = PBXBuildFile; fileRef = 576A13B72B0D0103007B1828 /* MainContentView.swift */; };
		576A13BA2B0D0211007B1828 /* ProfilButtonView.swift in Sources */ = {isa = PBXBuildFile; fileRef = 576A13B92B0D0211007B1828 /* ProfilButtonView.swift */; };
		579364BC2AC5F9EC001C81D1 /* LoginPopUp.swift in Sources */ = {isa = PBXBuildFile; fileRef = 579364BB2AC5F9EC001C81D1 /* LoginPopUp.swift */; };
		579364BE2AC60916001C81D1 /* LoginAnimation.swift in Sources */ = {isa = PBXBuildFile; fileRef = 579364BD2AC60916001C81D1 /* LoginAnimation.swift */; };
		57F30B3D2B14C49E0027D59F /* ProfilView.swift in Sources */ = {isa = PBXBuildFile; fileRef = 57F30B3C2B14C49E0027D59F /* ProfilView.swift */; };
		57F30B422B14C8610027D59F /* SettingsView.swift in Sources */ = {isa = PBXBuildFile; fileRef = 57F30B412B14C8610027D59F /* SettingsView.swift */; };
		57F30B4A2B14CE740027D59F /* HomeButtonView.swift in Sources */ = {isa = PBXBuildFile; fileRef = 57F30B492B14CE740027D59F /* HomeButtonView.swift */; };
		57F30B4C2B14CFD80027D59F /* ItemTwoButtonView.swift in Sources */ = {isa = PBXBuildFile; fileRef = 57F30B4B2B14CFD80027D59F /* ItemTwoButtonView.swift */; };
		57F30B4E2B14D2E00027D59F /* ItemTwoView.swift in Sources */ = {isa = PBXBuildFile; fileRef = 57F30B4D2B14D2E00027D59F /* ItemTwoView.swift */; };
		57F30B502B14D46D0027D59F /* ItemThreeButtonView.swift in Sources */ = {isa = PBXBuildFile; fileRef = 57F30B4F2B14D46D0027D59F /* ItemThreeButtonView.swift */; };
		57F30B542B14D5FB0027D59F /* ItemFourButtonView.swift in Sources */ = {isa = PBXBuildFile; fileRef = 57F30B532B14D5FB0027D59F /* ItemFourButtonView.swift */; };
		57F30B562B14D6050027D59F /* ItemFourView.swift in Sources */ = {isa = PBXBuildFile; fileRef = 57F30B552B14D6050027D59F /* ItemFourView.swift */; };
		57F30B582B14D70D0027D59F /* ItemFiveButtonView.swift in Sources */ = {isa = PBXBuildFile; fileRef = 57F30B572B14D70D0027D59F /* ItemFiveButtonView.swift */; };
		57F30B5A2B14D7180027D59F /* ItemFiveView.swift in Sources */ = {isa = PBXBuildFile; fileRef = 57F30B592B14D7180027D59F /* ItemFiveView.swift */; };
		57F30B5C2B14D8D10027D59F /* ItemThreeView.swift in Sources */ = {isa = PBXBuildFile; fileRef = 57F30B5B2B14D8D10027D59F /* ItemThreeView.swift */; };
		57F30B6B2B14E00C0027D59F /* SideBarItemFourView.swift in Sources */ = {isa = PBXBuildFile; fileRef = 57F30B6A2B14E00C0027D59F /* SideBarItemFourView.swift */; };
		57F30B6D2B14E0140027D59F /* SideBarItemFiveView.swift in Sources */ = {isa = PBXBuildFile; fileRef = 57F30B6C2B14E0140027D59F /* SideBarItemFiveView.swift */; };
		57F30B6F2B14E01C0027D59F /* SideBarItemSixView.swift in Sources */ = {isa = PBXBuildFile; fileRef = 57F30B6E2B14E01C0027D59F /* SideBarItemSixView.swift */; };
		57F30B732B14E0470027D59F /* SideBarView.swift in Sources */ = {isa = PBXBuildFile; fileRef = 57F30B722B14E0470027D59F /* SideBarView.swift */; };
		57F30B7E2B14E0D10027D59F /* SBItemFourView.swift in Sources */ = {isa = PBXBuildFile; fileRef = 57F30B7D2B14E0D10027D59F /* SBItemFourView.swift */; };
		57F30B802B14E0D90027D59F /* SBItemFiveView.swift in Sources */ = {isa = PBXBuildFile; fileRef = 57F30B7F2B14E0D90027D59F /* SBItemFiveView.swift */; };
		57F30B822B14E0E40027D59F /* SBItemSixView.swift in Sources */ = {isa = PBXBuildFile; fileRef = 57F30B812B14E0E40027D59F /* SBItemSixView.swift */; };
		57F30B842B14E0EB0027D59F /* SBItemSevenView.swift in Sources */ = {isa = PBXBuildFile; fileRef = 57F30B832B14E0EB0027D59F /* SBItemSevenView.swift */; };
		57F30B862B153DB90027D59F /* SideBarItemSevenView.swift in Sources */ = {isa = PBXBuildFile; fileRef = 57F30B852B153DB90027D59F /* SideBarItemSevenView.swift */; };
/* End PBXBuildFile section */

/* Begin PBXContainerItemProxy section */
		57164BDD2AC5AFA900C92BF9 /* PBXContainerItemProxy */ = {
			isa = PBXContainerItemProxy;
			containerPortal = 57164BC42AC5AFA700C92BF9 /* Project object */;
			proxyType = 1;
			remoteGlobalIDString = 57164BCB2AC5AFA700C92BF9;
			remoteInfo = HealthBudy;
		};
		57164BE72AC5AFA900C92BF9 /* PBXContainerItemProxy */ = {
			isa = PBXContainerItemProxy;
			containerPortal = 57164BC42AC5AFA700C92BF9 /* Project object */;
			proxyType = 1;
			remoteGlobalIDString = 57164BCB2AC5AFA700C92BF9;
			remoteInfo = HealthBudy;
		};
/* End PBXContainerItemProxy section */

/* Begin PBXFileReference section */
		57164BCC2AC5AFA700C92BF9 /* HealthBudy.app */ = {isa = PBXFileReference; explicitFileType = wrapper.application; includeInIndex = 0; path = HealthBudy.app; sourceTree = BUILT_PRODUCTS_DIR; };
		57164BCF2AC5AFA700C92BF9 /* HealthBudyApp.swift */ = {isa = PBXFileReference; lastKnownFileType = sourcecode.swift; path = HealthBudyApp.swift; sourceTree = "<group>"; };
		57164BD12AC5AFA700C92BF9 /* ContentView.swift */ = {isa = PBXFileReference; lastKnownFileType = sourcecode.swift; path = ContentView.swift; sourceTree = "<group>"; };
		57164BD32AC5AFA900C92BF9 /* Assets.xcassets */ = {isa = PBXFileReference; lastKnownFileType = folder.assetcatalog; path = Assets.xcassets; sourceTree = "<group>"; };
		57164BD62AC5AFA900C92BF9 /* Preview Assets.xcassets */ = {isa = PBXFileReference; lastKnownFileType = folder.assetcatalog; path = "Preview Assets.xcassets"; sourceTree = "<group>"; };
		57164BDC2AC5AFA900C92BF9 /* HealthBudyTests.xctest */ = {isa = PBXFileReference; explicitFileType = wrapper.cfbundle; includeInIndex = 0; path = HealthBudyTests.xctest; sourceTree = BUILT_PRODUCTS_DIR; };
		57164BE02AC5AFA900C92BF9 /* HealthBudyTests.swift */ = {isa = PBXFileReference; lastKnownFileType = sourcecode.swift; path = HealthBudyTests.swift; sourceTree = "<group>"; };
		57164BE62AC5AFA900C92BF9 /* HealthBudyUITests.xctest */ = {isa = PBXFileReference; explicitFileType = wrapper.cfbundle; includeInIndex = 0; path = HealthBudyUITests.xctest; sourceTree = BUILT_PRODUCTS_DIR; };
		57164BEA2AC5AFA900C92BF9 /* HealthBudyUITests.swift */ = {isa = PBXFileReference; lastKnownFileType = sourcecode.swift; path = HealthBudyUITests.swift; sourceTree = "<group>"; };
		57164BEC2AC5AFA900C92BF9 /* HealthBudyUITestsLaunchTests.swift */ = {isa = PBXFileReference; lastKnownFileType = sourcecode.swift; path = HealthBudyUITestsLaunchTests.swift; sourceTree = "<group>"; };
		57164BFB2AC5C50500C92BF9 /* LoginPage.swift */ = {isa = PBXFileReference; lastKnownFileType = sourcecode.swift; path = LoginPage.swift; sourceTree = "<group>"; };
		5725F9362B15F7FC00289B71 /* WatchView.swift */ = {isa = PBXFileReference; lastKnownFileType = sourcecode.swift; path = WatchView.swift; sourceTree = "<group>"; };
		5725F9782B15FD7500289B71 /* SBInvetoryFoodView.swift */ = {isa = PBXFileReference; lastKnownFileType = sourcecode.swift; path = SBInvetoryFoodView.swift; sourceTree = "<group>"; };
		5725F97A2B15FDE000289B71 /* SideBarInvetoryFoodView.swift */ = {isa = PBXFileReference; lastKnownFileType = sourcecode.swift; path = SideBarInvetoryFoodView.swift; sourceTree = "<group>"; };
		5725F97C2B1608E200289B71 /* SBInvetoryClothView.swift */ = {isa = PBXFileReference; lastKnownFileType = sourcecode.swift; path = SBInvetoryClothView.swift; sourceTree = "<group>"; };
		5725F97E2B16091700289B71 /* SideBarInvetoryClothView.swift */ = {isa = PBXFileReference; lastKnownFileType = sourcecode.swift; path = SideBarInvetoryClothView.swift; sourceTree = "<group>"; };
		5725F9802B1609C300289B71 /* SideBarInvetoryAccessoriesView.swift */ = {isa = PBXFileReference; lastKnownFileType = sourcecode.swift; path = SideBarInvetoryAccessoriesView.swift; sourceTree = "<group>"; };
		5725F9822B1609F200289B71 /* SBInvetoryAccessoriesView.swift */ = {isa = PBXFileReference; lastKnownFileType = sourcecode.swift; path = SBInvetoryAccessoriesView.swift; sourceTree = "<group>"; };
		572A7C8D2ACDE5E70011073C /* LoginViewModel.swift */ = {isa = PBXFileReference; lastKnownFileType = sourcecode.swift; path = LoginViewModel.swift; sourceTree = "<group>"; };
		5754A3A92B124657001FE857 /* SettingsButtonView.swift */ = {isa = PBXFileReference; lastKnownFileType = sourcecode.swift; path = SettingsButtonView.swift; sourceTree = "<group>"; };
		5754A3AB2B124710001FE857 /* charNameView.swift */ = {isa = PBXFileReference; lastKnownFileType = sourcecode.swift; path = charNameView.swift; sourceTree = "<group>"; };
		5754A3AD2B12473E001FE857 /* charLevelView.swift */ = {isa = PBXFileReference; lastKnownFileType = sourcecode.swift; path = charLevelView.swift; sourceTree = "<group>"; };
		5760194D2AC6CB2B000CD937 /* NewAccountPage.swift */ = {isa = PBXFileReference; lastKnownFileType = sourcecode.swift; path = NewAccountPage.swift; sourceTree = "<group>"; };
		576019512AC6CB6D000CD937 /* NewAccountPopup.swift */ = {isa = PBXFileReference; lastKnownFileType = sourcecode.swift; path = NewAccountPopup.swift; sourceTree = "<group>"; };
		576019532AC6CB78000CD937 /* NewAccountAnimation.swift */ = {isa = PBXFileReference; lastKnownFileType = sourcecode.swift; path = NewAccountAnimation.swift; sourceTree = "<group>"; };
		576019552AC6E968000CD937 /* MainActivity.swift */ = {isa = PBXFileReference; lastKnownFileType = sourcecode.swift; path = MainActivity.swift; sourceTree = "<group>"; };
		576A13852B0CB179007B1828 /* HomeActivity.swift */ = {isa = PBXFileReference; lastKnownFileType = sourcecode.swift; path = HomeActivity.swift; sourceTree = "<group>"; };
		576A13B12B0CDA19007B1828 /* BuildSheet.swift */ = {isa = PBXFileReference; lastKnownFileType = sourcecode.swift; path = BuildSheet.swift; sourceTree = "<group>"; };
		576A13B32B0CFEC0007B1828 /* TopBarView.swift */ = {isa = PBXFileReference; lastKnownFileType = sourcecode.swift; path = TopBarView.swift; sourceTree = "<group>"; };
		576A13B52B0CFF8E007B1828 /* BottomBarView.swift */ = {isa = PBXFileReference; lastKnownFileType = sourcecode.swift; path = BottomBarView.swift; sourceTree = "<group>"; };
		576A13B72B0D0103007B1828 /* MainContentView.swift */ = {isa = PBXFileReference; lastKnownFileType = sourcecode.swift; path = MainContentView.swift; sourceTree = "<group>"; };
		576A13B92B0D0211007B1828 /* ProfilButtonView.swift */ = {isa = PBXFileReference; lastKnownFileType = sourcecode.swift; path = ProfilButtonView.swift; sourceTree = "<group>"; };
		579364BB2AC5F9EC001C81D1 /* LoginPopUp.swift */ = {isa = PBXFileReference; lastKnownFileType = sourcecode.swift; path = LoginPopUp.swift; sourceTree = "<group>"; };
		579364BD2AC60916001C81D1 /* LoginAnimation.swift */ = {isa = PBXFileReference; lastKnownFileType = sourcecode.swift; path = LoginAnimation.swift; sourceTree = "<group>"; };
		57F30B3C2B14C49E0027D59F /* ProfilView.swift */ = {isa = PBXFileReference; lastKnownFileType = sourcecode.swift; path = ProfilView.swift; sourceTree = "<group>"; };
		57F30B412B14C8610027D59F /* SettingsView.swift */ = {isa = PBXFileReference; lastKnownFileType = sourcecode.swift; path = SettingsView.swift; sourceTree = "<group>"; };
		57F30B492B14CE740027D59F /* HomeButtonView.swift */ = {isa = PBXFileReference; lastKnownFileType = sourcecode.swift; path = HomeButtonView.swift; sourceTree = "<group>"; };
		57F30B4B2B14CFD80027D59F /* ItemTwoButtonView.swift */ = {isa = PBXFileReference; lastKnownFileType = sourcecode.swift; path = ItemTwoButtonView.swift; sourceTree = "<group>"; };
		57F30B4D2B14D2E00027D59F /* ItemTwoView.swift */ = {isa = PBXFileReference; lastKnownFileType = sourcecode.swift; path = ItemTwoView.swift; sourceTree = "<group>"; };
		57F30B4F2B14D46D0027D59F /* ItemThreeButtonView.swift */ = {isa = PBXFileReference; lastKnownFileType = sourcecode.swift; path = ItemThreeButtonView.swift; sourceTree = "<group>"; };
		57F30B532B14D5FB0027D59F /* ItemFourButtonView.swift */ = {isa = PBXFileReference; lastKnownFileType = sourcecode.swift; path = ItemFourButtonView.swift; sourceTree = "<group>"; };
		57F30B552B14D6050027D59F /* ItemFourView.swift */ = {isa = PBXFileReference; lastKnownFileType = sourcecode.swift; path = ItemFourView.swift; sourceTree = "<group>"; };
		57F30B572B14D70D0027D59F /* ItemFiveButtonView.swift */ = {isa = PBXFileReference; lastKnownFileType = sourcecode.swift; path = ItemFiveButtonView.swift; sourceTree = "<group>"; };
		57F30B592B14D7180027D59F /* ItemFiveView.swift */ = {isa = PBXFileReference; lastKnownFileType = sourcecode.swift; path = ItemFiveView.swift; sourceTree = "<group>"; };
		57F30B5B2B14D8D10027D59F /* ItemThreeView.swift */ = {isa = PBXFileReference; lastKnownFileType = sourcecode.swift; path = ItemThreeView.swift; sourceTree = "<group>"; };
		57F30B6A2B14E00C0027D59F /* SideBarItemFourView.swift */ = {isa = PBXFileReference; lastKnownFileType = sourcecode.swift; path = SideBarItemFourView.swift; sourceTree = "<group>"; };
		57F30B6C2B14E0140027D59F /* SideBarItemFiveView.swift */ = {isa = PBXFileReference; lastKnownFileType = sourcecode.swift; path = SideBarItemFiveView.swift; sourceTree = "<group>"; };
		57F30B6E2B14E01C0027D59F /* SideBarItemSixView.swift */ = {isa = PBXFileReference; lastKnownFileType = sourcecode.swift; path = SideBarItemSixView.swift; sourceTree = "<group>"; };
		57F30B722B14E0470027D59F /* SideBarView.swift */ = {isa = PBXFileReference; lastKnownFileType = sourcecode.swift; path = SideBarView.swift; sourceTree = "<group>"; };
		57F30B7D2B14E0D10027D59F /* SBItemFourView.swift */ = {isa = PBXFileReference; lastKnownFileType = sourcecode.swift; path = SBItemFourView.swift; sourceTree = "<group>"; };
		57F30B7F2B14E0D90027D59F /* SBItemFiveView.swift */ = {isa = PBXFileReference; lastKnownFileType = sourcecode.swift; path = SBItemFiveView.swift; sourceTree = "<group>"; };
		57F30B812B14E0E40027D59F /* SBItemSixView.swift */ = {isa = PBXFileReference; lastKnownFileType = sourcecode.swift; path = SBItemSixView.swift; sourceTree = "<group>"; };
		57F30B832B14E0EB0027D59F /* SBItemSevenView.swift */ = {isa = PBXFileReference; lastKnownFileType = sourcecode.swift; path = SBItemSevenView.swift; sourceTree = "<group>"; };
		57F30B852B153DB90027D59F /* SideBarItemSevenView.swift */ = {isa = PBXFileReference; lastKnownFileType = sourcecode.swift; path = SideBarItemSevenView.swift; sourceTree = "<group>"; };
/* End PBXFileReference section */

/* Begin PBXFrameworksBuildPhase section */
		57164BC92AC5AFA700C92BF9 /* Frameworks */ = {
			isa = PBXFrameworksBuildPhase;
			buildActionMask = 2147483647;
			files = (
			);
			runOnlyForDeploymentPostprocessing = 0;
		};
		57164BD92AC5AFA900C92BF9 /* Frameworks */ = {
			isa = PBXFrameworksBuildPhase;
			buildActionMask = 2147483647;
			files = (
			);
			runOnlyForDeploymentPostprocessing = 0;
		};
		57164BE32AC5AFA900C92BF9 /* Frameworks */ = {
			isa = PBXFrameworksBuildPhase;
			buildActionMask = 2147483647;
			files = (
			);
			runOnlyForDeploymentPostprocessing = 0;
		};
/* End PBXFrameworksBuildPhase section */

/* Begin PBXGroup section */
		57164BC32AC5AFA700C92BF9 = {
			isa = PBXGroup;
			children = (
				57164BCE2AC5AFA700C92BF9 /* HealthBudy */,
				57164BDF2AC5AFA900C92BF9 /* HealthBudyTests */,
				57164BE92AC5AFA900C92BF9 /* HealthBudyUITests */,
				57164BCD2AC5AFA700C92BF9 /* Products */,
			);
			sourceTree = "<group>";
		};
		57164BCD2AC5AFA700C92BF9 /* Products */ = {
			isa = PBXGroup;
			children = (
				57164BCC2AC5AFA700C92BF9 /* HealthBudy.app */,
				57164BDC2AC5AFA900C92BF9 /* HealthBudyTests.xctest */,
				57164BE62AC5AFA900C92BF9 /* HealthBudyUITests.xctest */,
			);
			name = Products;
			sourceTree = "<group>";
		};
		57164BCE2AC5AFA700C92BF9 /* HealthBudy */ = {
			isa = PBXGroup;
			children = (
				576A13B12B0CDA19007B1828 /* BuildSheet.swift */,
				57F30B5E2B14DAB50027D59F /* TopBar */,
				57F30B5F2B14DAD30027D59F /* BottomBar */,
				57F30B612B14DF890027D59F /* SideBar */,
				576A13822B0CB124007B1828 /* Home Activity */,
				5760194F2AC6CB36000CD937 /* New Account */,
				571C039E2AC6A8F5002F34D9 /* Login */,
				576A13B72B0D0103007B1828 /* MainContentView.swift */,
				57164BCF2AC5AFA700C92BF9 /* HealthBudyApp.swift */,
				57164BD12AC5AFA700C92BF9 /* ContentView.swift */,
				5725F9362B15F7FC00289B71 /* WatchView.swift */,
				57164BD32AC5AFA900C92BF9 /* Assets.xcassets */,
				57164BD52AC5AFA900C92BF9 /* Preview Content */,
			);
			path = HealthBudy;
			sourceTree = "<group>";
		};
		57164BD52AC5AFA900C92BF9 /* Preview Content */ = {
			isa = PBXGroup;
			children = (
				57164BD62AC5AFA900C92BF9 /* Preview Assets.xcassets */,
			);
			path = "Preview Content";
			sourceTree = "<group>";
		};
		57164BDF2AC5AFA900C92BF9 /* HealthBudyTests */ = {
			isa = PBXGroup;
			children = (
				57164BE02AC5AFA900C92BF9 /* HealthBudyTests.swift */,
			);
			path = HealthBudyTests;
			sourceTree = "<group>";
		};
		57164BE92AC5AFA900C92BF9 /* HealthBudyUITests */ = {
			isa = PBXGroup;
			children = (
				57164BEA2AC5AFA900C92BF9 /* HealthBudyUITests.swift */,
				57164BEC2AC5AFA900C92BF9 /* HealthBudyUITestsLaunchTests.swift */,
			);
			path = HealthBudyUITests;
			sourceTree = "<group>";
		};
		571C039C2AC6A8D1002F34D9 /* Login View */ = {
			isa = PBXGroup;
			children = (
				57164BFB2AC5C50500C92BF9 /* LoginPage.swift */,
				579364BB2AC5F9EC001C81D1 /* LoginPopUp.swift */,
				579364BD2AC60916001C81D1 /* LoginAnimation.swift */,
			);
			path = "Login View";
			sourceTree = "<group>";
		};
		571C039E2AC6A8F5002F34D9 /* Login */ = {
			isa = PBXGroup;
			children = (
				571C039C2AC6A8D1002F34D9 /* Login View */,
				576019592AC7029A000CD937 /* Login Model */,
			);
			path = Login;
			sourceTree = "<group>";
		};
		5754A3AF2B1247E8001FE857 /* TopBar Elements */ = {
			isa = PBXGroup;
			children = (
				57F30B3F2B14C7130027D59F /* TopBar Labels */,
				57F30B3E2B14C7000027D59F /* TopBar Buttons */,
			);
			path = "TopBar Elements";
			sourceTree = "<group>";
		};
		5760194F2AC6CB36000CD937 /* New Account */ = {
			isa = PBXGroup;
			children = (
				576019502AC6CB4C000CD937 /* New Account View */,
				576019582AC7028A000CD937 /* New Account Model */,
			);
			path = "New Account";
			sourceTree = "<group>";
		};
		576019502AC6CB4C000CD937 /* New Account View */ = {
			isa = PBXGroup;
			children = (
				5760194D2AC6CB2B000CD937 /* NewAccountPage.swift */,
				576019512AC6CB6D000CD937 /* NewAccountPopup.swift */,
				576019532AC6CB78000CD937 /* NewAccountAnimation.swift */,
			);
			path = "New Account View";
			sourceTree = "<group>";
		};
		576019582AC7028A000CD937 /* New Account Model */ = {
			isa = PBXGroup;
			children = (
			);
			path = "New Account Model";
			sourceTree = "<group>";
		};
		576019592AC7029A000CD937 /* Login Model */ = {
			isa = PBXGroup;
			children = (
				572A7C8D2ACDE5E70011073C /* LoginViewModel.swift */,
			);
			path = "Login Model";
			sourceTree = "<group>";
		};
		576A13822B0CB124007B1828 /* Home Activity */ = {
			isa = PBXGroup;
			children = (
				576A13832B0CB140007B1828 /* Home Activity View */,
				576A13842B0CB150007B1828 /* Home Activity Model */,
			);
			path = "Home Activity";
			sourceTree = "<group>";
		};
		576A13832B0CB140007B1828 /* Home Activity View */ = {
			isa = PBXGroup;
			children = (
				576A13852B0CB179007B1828 /* HomeActivity.swift */,
			);
			path = "Home Activity View";
			sourceTree = "<group>";
		};
		576A13842B0CB150007B1828 /* Home Activity Model */ = {
			isa = PBXGroup;
			children = (
			);
			path = "Home Activity Model";
			sourceTree = "<group>";
		};
		57F30B3E2B14C7000027D59F /* TopBar Buttons */ = {
			isa = PBXGroup;
			children = (
				576A13B92B0D0211007B1828 /* ProfilButtonView.swift */,
				5754A3A92B124657001FE857 /* SettingsButtonView.swift */,
			);
			path = "TopBar Buttons";
			sourceTree = "<group>";
		};
		57F30B3F2B14C7130027D59F /* TopBar Labels */ = {
			isa = PBXGroup;
			children = (
				5754A3AB2B124710001FE857 /* charNameView.swift */,
				5754A3AD2B12473E001FE857 /* charLevelView.swift */,
			);
			path = "TopBar Labels";
			sourceTree = "<group>";
		};
		57F30B402B14C7690027D59F /* TopBar Content */ = {
			isa = PBXGroup;
			children = (
				5754A3AF2B1247E8001FE857 /* TopBar Elements */,
			);
			path = "TopBar Content";
			sourceTree = "<group>";
		};
		57F30B432B14CB5E0027D59F /* BottomBar Content */ = {
			isa = PBXGroup;
			children = (
				576A13B52B0CFF8E007B1828 /* BottomBarView.swift */,
				57F30B442B14CB760027D59F /* BottomBar Elements */,
			);
			path = "BottomBar Content";
			sourceTree = "<group>";
		};
		57F30B442B14CB760027D59F /* BottomBar Elements */ = {
			isa = PBXGroup;
			children = (
				57F30B462B14CB920027D59F /* BottomBar Buttons */,
				57F30B452B14CB840027D59F /* BottomBar Labels */,
			);
			path = "BottomBar Elements";
			sourceTree = "<group>";
		};
		57F30B452B14CB840027D59F /* BottomBar Labels */ = {
			isa = PBXGroup;
			children = (
			);
			path = "BottomBar Labels";
			sourceTree = "<group>";
		};
		57F30B462B14CB920027D59F /* BottomBar Buttons */ = {
			isa = PBXGroup;
			children = (
				57F30B492B14CE740027D59F /* HomeButtonView.swift */,
				57F30B4B2B14CFD80027D59F /* ItemTwoButtonView.swift */,
				57F30B4F2B14D46D0027D59F /* ItemThreeButtonView.swift */,
				57F30B532B14D5FB0027D59F /* ItemFourButtonView.swift */,
				57F30B572B14D70D0027D59F /* ItemFiveButtonView.swift */,
			);
			path = "BottomBar Buttons";
			sourceTree = "<group>";
		};
		57F30B5D2B14DA970027D59F /* TopBar View */ = {
			isa = PBXGroup;
			children = (
				57F30B412B14C8610027D59F /* SettingsView.swift */,
				57F30B3C2B14C49E0027D59F /* ProfilView.swift */,
			);
			path = "TopBar View";
			sourceTree = "<group>";
		};
		57F30B5E2B14DAB50027D59F /* TopBar */ = {
			isa = PBXGroup;
			children = (
				576A13B32B0CFEC0007B1828 /* TopBarView.swift */,
				57F30B5D2B14DA970027D59F /* TopBar View */,
				57F30B402B14C7690027D59F /* TopBar Content */,
			);
			path = TopBar;
			sourceTree = "<group>";
		};
		57F30B5F2B14DAD30027D59F /* BottomBar */ = {
			isa = PBXGroup;
			children = (
				57F30B432B14CB5E0027D59F /* BottomBar Content */,
				57F30B602B14DAE40027D59F /* BottomBar View */,
			);
			path = BottomBar;
			sourceTree = "<group>";
		};
		57F30B602B14DAE40027D59F /* BottomBar View */ = {
			isa = PBXGroup;
			children = (
				576019552AC6E968000CD937 /* MainActivity.swift */,
				57F30B4D2B14D2E00027D59F /* ItemTwoView.swift */,
				57F30B5B2B14D8D10027D59F /* ItemThreeView.swift */,
				57F30B552B14D6050027D59F /* ItemFourView.swift */,
				57F30B592B14D7180027D59F /* ItemFiveView.swift */,
			);
			path = "BottomBar View";
			sourceTree = "<group>";
		};
		57F30B612B14DF890027D59F /* SideBar */ = {
			isa = PBXGroup;
			children = (
				57F30B632B14DFA20027D59F /* SideBar Content */,
			);
			path = SideBar;
			sourceTree = "<group>";
		};
		57F30B622B14DF950027D59F /* SideBar View */ = {
			isa = PBXGroup;
			children = (
				5725F97A2B15FDE000289B71 /* SideBarInvetoryFoodView.swift */,
				5725F97E2B16091700289B71 /* SideBarInvetoryClothView.swift */,
				5725F9802B1609C300289B71 /* SideBarInvetoryAccessoriesView.swift */,
				57F30B6A2B14E00C0027D59F /* SideBarItemFourView.swift */,
				57F30B6C2B14E0140027D59F /* SideBarItemFiveView.swift */,
				57F30B6E2B14E01C0027D59F /* SideBarItemSixView.swift */,
				57F30B852B153DB90027D59F /* SideBarItemSevenView.swift */,
			);
			path = "SideBar View";
			sourceTree = "<group>";
		};
		57F30B632B14DFA20027D59F /* SideBar Content */ = {
			isa = PBXGroup;
			children = (
				57F30B722B14E0470027D59F /* SideBarView.swift */,
				57F30B742B14E06D0027D59F /* SideBar Elements */,
				57F30B622B14DF950027D59F /* SideBar View */,
			);
			path = "SideBar Content";
			sourceTree = "<group>";
		};
		57F30B742B14E06D0027D59F /* SideBar Elements */ = {
			isa = PBXGroup;
			children = (
				57F30B752B14E0850027D59F /* SideBar Buttons */,
				57F30B762B14E08F0027D59F /* SideBar Labels */,
			);
			path = "SideBar Elements";
			sourceTree = "<group>";
		};
		57F30B752B14E0850027D59F /* SideBar Buttons */ = {
			isa = PBXGroup;
			children = (
				5725F9782B15FD7500289B71 /* SBInvetoryFoodView.swift */,
				5725F97C2B1608E200289B71 /* SBInvetoryClothView.swift */,
				5725F9822B1609F200289B71 /* SBInvetoryAccessoriesView.swift */,
				57F30B7D2B14E0D10027D59F /* SBItemFourView.swift */,
				57F30B7F2B14E0D90027D59F /* SBItemFiveView.swift */,
				57F30B812B14E0E40027D59F /* SBItemSixView.swift */,
				57F30B832B14E0EB0027D59F /* SBItemSevenView.swift */,
			);
			path = "SideBar Buttons";
			sourceTree = "<group>";
		};
		57F30B762B14E08F0027D59F /* SideBar Labels */ = {
			isa = PBXGroup;
			children = (
			);
			path = "SideBar Labels";
			sourceTree = "<group>";
		};
/* End PBXGroup section */

/* Begin PBXNativeTarget section */
		57164BCB2AC5AFA700C92BF9 /* HealthBudy */ = {
			isa = PBXNativeTarget;
			buildConfigurationList = 57164BF02AC5AFA900C92BF9 /* Build configuration list for PBXNativeTarget "HealthBudy" */;
			buildPhases = (
				57164BC82AC5AFA700C92BF9 /* Sources */,
				57164BC92AC5AFA700C92BF9 /* Frameworks */,
				57164BCA2AC5AFA700C92BF9 /* Resources */,
			);
			buildRules = (
			);
			dependencies = (
			);
			name = HealthBudy;
			productName = HealthBudy;
			productReference = 57164BCC2AC5AFA700C92BF9 /* HealthBudy.app */;
			productType = "com.apple.product-type.application";
		};
		57164BDB2AC5AFA900C92BF9 /* HealthBudyTests */ = {
			isa = PBXNativeTarget;
			buildConfigurationList = 57164BF32AC5AFA900C92BF9 /* Build configuration list for PBXNativeTarget "HealthBudyTests" */;
			buildPhases = (
				57164BD82AC5AFA900C92BF9 /* Sources */,
				57164BD92AC5AFA900C92BF9 /* Frameworks */,
				57164BDA2AC5AFA900C92BF9 /* Resources */,
			);
			buildRules = (
			);
			dependencies = (
				57164BDE2AC5AFA900C92BF9 /* PBXTargetDependency */,
			);
			name = HealthBudyTests;
			productName = HealthBudyTests;
			productReference = 57164BDC2AC5AFA900C92BF9 /* HealthBudyTests.xctest */;
			productType = "com.apple.product-type.bundle.unit-test";
		};
		57164BE52AC5AFA900C92BF9 /* HealthBudyUITests */ = {
			isa = PBXNativeTarget;
			buildConfigurationList = 57164BF62AC5AFA900C92BF9 /* Build configuration list for PBXNativeTarget "HealthBudyUITests" */;
			buildPhases = (
				57164BE22AC5AFA900C92BF9 /* Sources */,
				57164BE32AC5AFA900C92BF9 /* Frameworks */,
				57164BE42AC5AFA900C92BF9 /* Resources */,
			);
			buildRules = (
			);
			dependencies = (
				57164BE82AC5AFA900C92BF9 /* PBXTargetDependency */,
			);
			name = HealthBudyUITests;
			productName = HealthBudyUITests;
			productReference = 57164BE62AC5AFA900C92BF9 /* HealthBudyUITests.xctest */;
			productType = "com.apple.product-type.bundle.ui-testing";
		};
/* End PBXNativeTarget section */

/* Begin PBXProject section */
		57164BC42AC5AFA700C92BF9 /* Project object */ = {
			isa = PBXProject;
			attributes = {
				BuildIndependentTargetsInParallel = 1;
				LastSwiftUpdateCheck = 1500;
				LastUpgradeCheck = 1500;
				TargetAttributes = {
					57164BCB2AC5AFA700C92BF9 = {
						CreatedOnToolsVersion = 15.0;
					};
					57164BDB2AC5AFA900C92BF9 = {
						CreatedOnToolsVersion = 15.0;
						TestTargetID = 57164BCB2AC5AFA700C92BF9;
					};
					57164BE52AC5AFA900C92BF9 = {
						CreatedOnToolsVersion = 15.0;
						TestTargetID = 57164BCB2AC5AFA700C92BF9;
					};
				};
			};
			buildConfigurationList = 57164BC72AC5AFA700C92BF9 /* Build configuration list for PBXProject "HealthBudy" */;
			compatibilityVersion = "Xcode 14.0";
			developmentRegion = en;
			hasScannedForEncodings = 0;
			knownRegions = (
				en,
				Base,
			);
			mainGroup = 57164BC32AC5AFA700C92BF9;
			productRefGroup = 57164BCD2AC5AFA700C92BF9 /* Products */;
			projectDirPath = "";
			projectRoot = "";
			targets = (
				57164BCB2AC5AFA700C92BF9 /* HealthBudy */,
				57164BDB2AC5AFA900C92BF9 /* HealthBudyTests */,
				57164BE52AC5AFA900C92BF9 /* HealthBudyUITests */,
			);
		};
/* End PBXProject section */

/* Begin PBXResourcesBuildPhase section */
		57164BCA2AC5AFA700C92BF9 /* Resources */ = {
			isa = PBXResourcesBuildPhase;
			buildActionMask = 2147483647;
			files = (
				57164BD72AC5AFA900C92BF9 /* Preview Assets.xcassets in Resources */,
				57164BD42AC5AFA900C92BF9 /* Assets.xcassets in Resources */,
			);
			runOnlyForDeploymentPostprocessing = 0;
		};
		57164BDA2AC5AFA900C92BF9 /* Resources */ = {
			isa = PBXResourcesBuildPhase;
			buildActionMask = 2147483647;
			files = (
			);
			runOnlyForDeploymentPostprocessing = 0;
		};
		57164BE42AC5AFA900C92BF9 /* Resources */ = {
			isa = PBXResourcesBuildPhase;
			buildActionMask = 2147483647;
			files = (
			);
			runOnlyForDeploymentPostprocessing = 0;
		};
/* End PBXResourcesBuildPhase section */

/* Begin PBXSourcesBuildPhase section */
		57164BC82AC5AFA700C92BF9 /* Sources */ = {
			isa = PBXSourcesBuildPhase;
			buildActionMask = 2147483647;
			files = (
				576A13B22B0CDA19007B1828 /* BuildSheet.swift in Sources */,
				57F30B582B14D70D0027D59F /* ItemFiveButtonView.swift in Sources */,
				57F30B542B14D5FB0027D59F /* ItemFourButtonView.swift in Sources */,
				579364BC2AC5F9EC001C81D1 /* LoginPopUp.swift in Sources */,
				57164BFC2AC5C50500C92BF9 /* LoginPage.swift in Sources */,
				5754A3AC2B124710001FE857 /* charNameView.swift in Sources */,
				57F30B732B14E0470027D59F /* SideBarView.swift in Sources */,
				579364BE2AC60916001C81D1 /* LoginAnimation.swift in Sources */,
				576A13BA2B0D0211007B1828 /* ProfilButtonView.swift in Sources */,
				5725F97B2B15FDE000289B71 /* SideBarInvetoryFoodView.swift in Sources */,
				57F30B842B14E0EB0027D59F /* SBItemSevenView.swift in Sources */,
				576019542AC6CB78000CD937 /* NewAccountAnimation.swift in Sources */,
				57F30B6D2B14E0140027D59F /* SideBarItemFiveView.swift in Sources */,
				5725F9832B1609F200289B71 /* SBInvetoryAccessoriesView.swift in Sources */,
				57F30B802B14E0D90027D59F /* SBItemFiveView.swift in Sources */,
				57F30B5C2B14D8D10027D59F /* ItemThreeView.swift in Sources */,
				57F30B4A2B14CE740027D59F /* HomeButtonView.swift in Sources */,
				5725F9812B1609C300289B71 /* SideBarInvetoryAccessoriesView.swift in Sources */,
				57F30B6F2B14E01C0027D59F /* SideBarItemSixView.swift in Sources */,
				5725F9792B15FD7500289B71 /* SBInvetoryFoodView.swift in Sources */,
				57F30B4E2B14D2E00027D59F /* ItemTwoView.swift in Sources */,
				5754A3AA2B124657001FE857 /* SettingsButtonView.swift in Sources */,
				57F30B6B2B14E00C0027D59F /* SideBarItemFourView.swift in Sources */,
				57F30B862B153DB90027D59F /* SideBarItemSevenView.swift in Sources */,
				57F30B502B14D46D0027D59F /* ItemThreeButtonView.swift in Sources */,
				57F30B3D2B14C49E0027D59F /* ProfilView.swift in Sources */,
				57F30B4C2B14CFD80027D59F /* ItemTwoButtonView.swift in Sources */,
				576A13B62B0CFF8F007B1828 /* BottomBarView.swift in Sources */,
				5754A3AE2B12473E001FE857 /* charLevelView.swift in Sources */,
				576019562AC6E968000CD937 /* MainActivity.swift in Sources */,
				576A13862B0CB179007B1828 /* HomeActivity.swift in Sources */,
				57F30B7E2B14E0D10027D59F /* SBItemFourView.swift in Sources */,
				5725F97F2B16091700289B71 /* SideBarInvetoryClothView.swift in Sources */,
				57F30B822B14E0E40027D59F /* SBItemSixView.swift in Sources */,
				572A7C8E2ACDE5E70011073C /* LoginViewModel.swift in Sources */,
				57F30B5A2B14D7180027D59F /* ItemFiveView.swift in Sources */,
				5725F97D2B1608E200289B71 /* SBInvetoryClothView.swift in Sources */,
				576A13B42B0CFEC0007B1828 /* TopBarView.swift in Sources */,
				57F30B562B14D6050027D59F /* ItemFourView.swift in Sources */,
				5760194E2AC6CB2B000CD937 /* NewAccountPage.swift in Sources */,
				57164BD22AC5AFA700C92BF9 /* ContentView.swift in Sources */,
				576019522AC6CB6D000CD937 /* NewAccountPopup.swift in Sources */,
				57164BD02AC5AFA700C92BF9 /* HealthBudyApp.swift in Sources */,
				576A13B82B0D0103007B1828 /* MainContentView.swift in Sources */,
				5725F9372B15F7FC00289B71 /* WatchView.swift in Sources */,
				57F30B422B14C8610027D59F /* SettingsView.swift in Sources */,
			);
			runOnlyForDeploymentPostprocessing = 0;
		};
		57164BD82AC5AFA900C92BF9 /* Sources */ = {
			isa = PBXSourcesBuildPhase;
			buildActionMask = 2147483647;
			files = (
				57164BE12AC5AFA900C92BF9 /* HealthBudyTests.swift in Sources */,
			);
			runOnlyForDeploymentPostprocessing = 0;
		};
		57164BE22AC5AFA900C92BF9 /* Sources */ = {
			isa = PBXSourcesBuildPhase;
			buildActionMask = 2147483647;
			files = (
				57164BED2AC5AFA900C92BF9 /* HealthBudyUITestsLaunchTests.swift in Sources */,
				57164BEB2AC5AFA900C92BF9 /* HealthBudyUITests.swift in Sources */,
			);
			runOnlyForDeploymentPostprocessing = 0;
		};
/* End PBXSourcesBuildPhase section */

/* Begin PBXTargetDependency section */
		57164BDE2AC5AFA900C92BF9 /* PBXTargetDependency */ = {
			isa = PBXTargetDependency;
			target = 57164BCB2AC5AFA700C92BF9 /* HealthBudy */;
			targetProxy = 57164BDD2AC5AFA900C92BF9 /* PBXContainerItemProxy */;
		};
		57164BE82AC5AFA900C92BF9 /* PBXTargetDependency */ = {
			isa = PBXTargetDependency;
			target = 57164BCB2AC5AFA700C92BF9 /* HealthBudy */;
			targetProxy = 57164BE72AC5AFA900C92BF9 /* PBXContainerItemProxy */;
		};
/* End PBXTargetDependency section */

/* Begin XCBuildConfiguration section */
		57164BEE2AC5AFA900C92BF9 /* Debug */ = {
			isa = XCBuildConfiguration;
			buildSettings = {
				ALWAYS_SEARCH_USER_PATHS = NO;
				ASSETCATALOG_COMPILER_GENERATE_SWIFT_ASSET_SYMBOL_EXTENSIONS = YES;
				CLANG_ANALYZER_NONNULL = YES;
				CLANG_ANALYZER_NUMBER_OBJECT_CONVERSION = YES_AGGRESSIVE;
				CLANG_CXX_LANGUAGE_STANDARD = "gnu++20";
				CLANG_ENABLE_MODULES = YES;
				CLANG_ENABLE_OBJC_ARC = YES;
				CLANG_ENABLE_OBJC_WEAK = YES;
				CLANG_WARN_BLOCK_CAPTURE_AUTORELEASING = YES;
				CLANG_WARN_BOOL_CONVERSION = YES;
				CLANG_WARN_COMMA = YES;
				CLANG_WARN_CONSTANT_CONVERSION = YES;
				CLANG_WARN_DEPRECATED_OBJC_IMPLEMENTATIONS = YES;
				CLANG_WARN_DIRECT_OBJC_ISA_USAGE = YES_ERROR;
				CLANG_WARN_DOCUMENTATION_COMMENTS = YES;
				CLANG_WARN_EMPTY_BODY = YES;
				CLANG_WARN_ENUM_CONVERSION = YES;
				CLANG_WARN_INFINITE_RECURSION = YES;
				CLANG_WARN_INT_CONVERSION = YES;
				CLANG_WARN_NON_LITERAL_NULL_CONVERSION = YES;
				CLANG_WARN_OBJC_IMPLICIT_RETAIN_SELF = YES;
				CLANG_WARN_OBJC_LITERAL_CONVERSION = YES;
				CLANG_WARN_OBJC_ROOT_CLASS = YES_ERROR;
				CLANG_WARN_QUOTED_INCLUDE_IN_FRAMEWORK_HEADER = YES;
				CLANG_WARN_RANGE_LOOP_ANALYSIS = YES;
				CLANG_WARN_STRICT_PROTOTYPES = YES;
				CLANG_WARN_SUSPICIOUS_MOVE = YES;
				CLANG_WARN_UNGUARDED_AVAILABILITY = YES_AGGRESSIVE;
				CLANG_WARN_UNREACHABLE_CODE = YES;
				CLANG_WARN__DUPLICATE_METHOD_MATCH = YES;
				COPY_PHASE_STRIP = NO;
				DEBUG_INFORMATION_FORMAT = dwarf;
				ENABLE_STRICT_OBJC_MSGSEND = YES;
				ENABLE_TESTABILITY = YES;
				ENABLE_USER_SCRIPT_SANDBOXING = YES;
				GCC_C_LANGUAGE_STANDARD = gnu17;
				GCC_DYNAMIC_NO_PIC = NO;
				GCC_NO_COMMON_BLOCKS = YES;
				GCC_OPTIMIZATION_LEVEL = 0;
				GCC_PREPROCESSOR_DEFINITIONS = (
					"DEBUG=1",
					"$(inherited)",
				);
				GCC_WARN_64_TO_32_BIT_CONVERSION = YES;
				GCC_WARN_ABOUT_RETURN_TYPE = YES_ERROR;
				GCC_WARN_UNDECLARED_SELECTOR = YES;
				GCC_WARN_UNINITIALIZED_AUTOS = YES_AGGRESSIVE;
				GCC_WARN_UNUSED_FUNCTION = YES;
				GCC_WARN_UNUSED_VARIABLE = YES;
				IPHONEOS_DEPLOYMENT_TARGET = 16.4;
				LOCALIZATION_PREFERS_STRING_CATALOGS = YES;
				MTL_ENABLE_DEBUG_INFO = INCLUDE_SOURCE;
				MTL_FAST_MATH = YES;
				ONLY_ACTIVE_ARCH = YES;
				SDKROOT = iphoneos;
				SWIFT_ACTIVE_COMPILATION_CONDITIONS = "DEBUG $(inherited)";
				SWIFT_OPTIMIZATION_LEVEL = "-Onone";
			};
			name = Debug;
		};
		57164BEF2AC5AFA900C92BF9 /* Release */ = {
			isa = XCBuildConfiguration;
			buildSettings = {
				ALWAYS_SEARCH_USER_PATHS = NO;
				ASSETCATALOG_COMPILER_GENERATE_SWIFT_ASSET_SYMBOL_EXTENSIONS = YES;
				CLANG_ANALYZER_NONNULL = YES;
				CLANG_ANALYZER_NUMBER_OBJECT_CONVERSION = YES_AGGRESSIVE;
				CLANG_CXX_LANGUAGE_STANDARD = "gnu++20";
				CLANG_ENABLE_MODULES = YES;
				CLANG_ENABLE_OBJC_ARC = YES;
				CLANG_ENABLE_OBJC_WEAK = YES;
				CLANG_WARN_BLOCK_CAPTURE_AUTORELEASING = YES;
				CLANG_WARN_BOOL_CONVERSION = YES;
				CLANG_WARN_COMMA = YES;
				CLANG_WARN_CONSTANT_CONVERSION = YES;
				CLANG_WARN_DEPRECATED_OBJC_IMPLEMENTATIONS = YES;
				CLANG_WARN_DIRECT_OBJC_ISA_USAGE = YES_ERROR;
				CLANG_WARN_DOCUMENTATION_COMMENTS = YES;
				CLANG_WARN_EMPTY_BODY = YES;
				CLANG_WARN_ENUM_CONVERSION = YES;
				CLANG_WARN_INFINITE_RECURSION = YES;
				CLANG_WARN_INT_CONVERSION = YES;
				CLANG_WARN_NON_LITERAL_NULL_CONVERSION = YES;
				CLANG_WARN_OBJC_IMPLICIT_RETAIN_SELF = YES;
				CLANG_WARN_OBJC_LITERAL_CONVERSION = YES;
				CLANG_WARN_OBJC_ROOT_CLASS = YES_ERROR;
				CLANG_WARN_QUOTED_INCLUDE_IN_FRAMEWORK_HEADER = YES;
				CLANG_WARN_RANGE_LOOP_ANALYSIS = YES;
				CLANG_WARN_STRICT_PROTOTYPES = YES;
				CLANG_WARN_SUSPICIOUS_MOVE = YES;
				CLANG_WARN_UNGUARDED_AVAILABILITY = YES_AGGRESSIVE;
				CLANG_WARN_UNREACHABLE_CODE = YES;
				CLANG_WARN__DUPLICATE_METHOD_MATCH = YES;
				COPY_PHASE_STRIP = NO;
				DEBUG_INFORMATION_FORMAT = "dwarf-with-dsym";
				ENABLE_NS_ASSERTIONS = NO;
				ENABLE_STRICT_OBJC_MSGSEND = YES;
				ENABLE_USER_SCRIPT_SANDBOXING = YES;
				GCC_C_LANGUAGE_STANDARD = gnu17;
				GCC_NO_COMMON_BLOCKS = YES;
				GCC_WARN_64_TO_32_BIT_CONVERSION = YES;
				GCC_WARN_ABOUT_RETURN_TYPE = YES_ERROR;
				GCC_WARN_UNDECLARED_SELECTOR = YES;
				GCC_WARN_UNINITIALIZED_AUTOS = YES_AGGRESSIVE;
				GCC_WARN_UNUSED_FUNCTION = YES;
				GCC_WARN_UNUSED_VARIABLE = YES;
				IPHONEOS_DEPLOYMENT_TARGET = 16.4;
				LOCALIZATION_PREFERS_STRING_CATALOGS = YES;
				MTL_ENABLE_DEBUG_INFO = NO;
				MTL_FAST_MATH = YES;
				SDKROOT = iphoneos;
				SWIFT_COMPILATION_MODE = wholemodule;
				VALIDATE_PRODUCT = YES;
			};
			name = Release;
		};
		57164BF12AC5AFA900C92BF9 /* Debug */ = {
			isa = XCBuildConfiguration;
			buildSettings = {
				ASSETCATALOG_COMPILER_APPICON_NAME = AppIcon;
				ASSETCATALOG_COMPILER_GLOBAL_ACCENT_COLOR_NAME = AccentColor;
				CODE_SIGN_STYLE = Automatic;
				CURRENT_PROJECT_VERSION = 1;
				DEVELOPMENT_ASSET_PATHS = "\"HealthBudy/Preview Content\"";
				DEVELOPMENT_TEAM = W6964STS43;
				ENABLE_PREVIEWS = YES;
				GENERATE_INFOPLIST_FILE = YES;
				INFOPLIST_KEY_UIApplicationSceneManifest_Generation = YES;
				INFOPLIST_KEY_UIApplicationSupportsIndirectInputEvents = YES;
				INFOPLIST_KEY_UILaunchScreen_Generation = YES;
				INFOPLIST_KEY_UISupportedInterfaceOrientations_iPad = "UIInterfaceOrientationPortrait UIInterfaceOrientationPortraitUpsideDown UIInterfaceOrientationLandscapeLeft UIInterfaceOrientationLandscapeRight";
				INFOPLIST_KEY_UISupportedInterfaceOrientations_iPhone = "UIInterfaceOrientationPortrait UIInterfaceOrientationLandscapeLeft UIInterfaceOrientationLandscapeRight";
				IPHONEOS_DEPLOYMENT_TARGET = 16.0;
				LD_RUNPATH_SEARCH_PATHS = (
					"$(inherited)",
					"@executable_path/Frameworks",
				);
				MARKETING_VERSION = 1.0;
				PRODUCT_BUNDLE_IDENTIFIER = io.raphaelfassotte.rfst.HealthBudy;
				PRODUCT_NAME = "$(TARGET_NAME)";
				SWIFT_EMIT_LOC_STRINGS = YES;
				SWIFT_VERSION = 5.0;
				TARGETED_DEVICE_FAMILY = "1,2";
			};
			name = Debug;
		};
		57164BF22AC5AFA900C92BF9 /* Release */ = {
			isa = XCBuildConfiguration;
			buildSettings = {
				ASSETCATALOG_COMPILER_APPICON_NAME = AppIcon;
				ASSETCATALOG_COMPILER_GLOBAL_ACCENT_COLOR_NAME = AccentColor;
				CODE_SIGN_STYLE = Automatic;
				CURRENT_PROJECT_VERSION = 1;
				DEVELOPMENT_ASSET_PATHS = "\"HealthBudy/Preview Content\"";
				DEVELOPMENT_TEAM = W6964STS43;
				ENABLE_PREVIEWS = YES;
				GENERATE_INFOPLIST_FILE = YES;
				INFOPLIST_KEY_UIApplicationSceneManifest_Generation = YES;
				INFOPLIST_KEY_UIApplicationSupportsIndirectInputEvents = YES;
				INFOPLIST_KEY_UILaunchScreen_Generation = YES;
				INFOPLIST_KEY_UISupportedInterfaceOrientations_iPad = "UIInterfaceOrientationPortrait UIInterfaceOrientationPortraitUpsideDown UIInterfaceOrientationLandscapeLeft UIInterfaceOrientationLandscapeRight";
				INFOPLIST_KEY_UISupportedInterfaceOrientations_iPhone = "UIInterfaceOrientationPortrait UIInterfaceOrientationLandscapeLeft UIInterfaceOrientationLandscapeRight";
				IPHONEOS_DEPLOYMENT_TARGET = 16.0;
				LD_RUNPATH_SEARCH_PATHS = (
					"$(inherited)",
					"@executable_path/Frameworks",
				);
				MARKETING_VERSION = 1.0;
				PRODUCT_BUNDLE_IDENTIFIER = io.raphaelfassotte.rfst.HealthBudy;
				PRODUCT_NAME = "$(TARGET_NAME)";
				SWIFT_EMIT_LOC_STRINGS = YES;
				SWIFT_VERSION = 5.0;
				TARGETED_DEVICE_FAMILY = "1,2";
			};
			name = Release;
		};
		57164BF42AC5AFA900C92BF9 /* Debug */ = {
			isa = XCBuildConfiguration;
			buildSettings = {
				ALWAYS_EMBED_SWIFT_STANDARD_LIBRARIES = YES;
				BUNDLE_LOADER = "$(TEST_HOST)";
				CODE_SIGN_STYLE = Automatic;
				CURRENT_PROJECT_VERSION = 1;
				DEVELOPMENT_TEAM = W6964STS43;
				GENERATE_INFOPLIST_FILE = YES;
				IPHONEOS_DEPLOYMENT_TARGET = 17.0;
				MARKETING_VERSION = 1.0;
				PRODUCT_BUNDLE_IDENTIFIER = io.raphaelfassotte.rfst.HealthBudyTests;
				PRODUCT_NAME = "$(TARGET_NAME)";
				SWIFT_EMIT_LOC_STRINGS = NO;
				SWIFT_VERSION = 5.0;
				TARGETED_DEVICE_FAMILY = "1,2";
				TEST_HOST = "$(BUILT_PRODUCTS_DIR)/HealthBudy.app/$(BUNDLE_EXECUTABLE_FOLDER_PATH)/HealthBudy";
			};
			name = Debug;
		};
		57164BF52AC5AFA900C92BF9 /* Release */ = {
			isa = XCBuildConfiguration;
			buildSettings = {
				ALWAYS_EMBED_SWIFT_STANDARD_LIBRARIES = YES;
				BUNDLE_LOADER = "$(TEST_HOST)";
				CODE_SIGN_STYLE = Automatic;
				CURRENT_PROJECT_VERSION = 1;
				DEVELOPMENT_TEAM = W6964STS43;
				GENERATE_INFOPLIST_FILE = YES;
				IPHONEOS_DEPLOYMENT_TARGET = 17.0;
				MARKETING_VERSION = 1.0;
				PRODUCT_BUNDLE_IDENTIFIER = io.raphaelfassotte.rfst.HealthBudyTests;
				PRODUCT_NAME = "$(TARGET_NAME)";
				SWIFT_EMIT_LOC_STRINGS = NO;
				SWIFT_VERSION = 5.0;
				TARGETED_DEVICE_FAMILY = "1,2";
				TEST_HOST = "$(BUILT_PRODUCTS_DIR)/HealthBudy.app/$(BUNDLE_EXECUTABLE_FOLDER_PATH)/HealthBudy";
			};
			name = Release;
		};
		57164BF72AC5AFA900C92BF9 /* Debug */ = {
			isa = XCBuildConfiguration;
			buildSettings = {
				ALWAYS_EMBED_SWIFT_STANDARD_LIBRARIES = YES;
				CODE_SIGN_STYLE = Automatic;
				CURRENT_PROJECT_VERSION = 1;
				DEVELOPMENT_TEAM = W6964STS43;
				GENERATE_INFOPLIST_FILE = YES;
				MARKETING_VERSION = 1.0;
				PRODUCT_BUNDLE_IDENTIFIER = io.raphaelfassotte.rfst.HealthBudyUITests;
				PRODUCT_NAME = "$(TARGET_NAME)";
				SWIFT_EMIT_LOC_STRINGS = NO;
				SWIFT_VERSION = 5.0;
				TARGETED_DEVICE_FAMILY = "1,2";
				TEST_TARGET_NAME = HealthBudy;
			};
			name = Debug;
		};
		57164BF82AC5AFA900C92BF9 /* Release */ = {
			isa = XCBuildConfiguration;
			buildSettings = {
				ALWAYS_EMBED_SWIFT_STANDARD_LIBRARIES = YES;
				CODE_SIGN_STYLE = Automatic;
				CURRENT_PROJECT_VERSION = 1;
				DEVELOPMENT_TEAM = W6964STS43;
				GENERATE_INFOPLIST_FILE = YES;
				MARKETING_VERSION = 1.0;
				PRODUCT_BUNDLE_IDENTIFIER = io.raphaelfassotte.rfst.HealthBudyUITests;
				PRODUCT_NAME = "$(TARGET_NAME)";
				SWIFT_EMIT_LOC_STRINGS = NO;
				SWIFT_VERSION = 5.0;
				TARGETED_DEVICE_FAMILY = "1,2";
				TEST_TARGET_NAME = HealthBudy;
			};
			name = Release;
		};
/* End XCBuildConfiguration section */

/* Begin XCConfigurationList section */
		57164BC72AC5AFA700C92BF9 /* Build configuration list for PBXProject "HealthBudy" */ = {
			isa = XCConfigurationList;
			buildConfigurations = (
				57164BEE2AC5AFA900C92BF9 /* Debug */,
				57164BEF2AC5AFA900C92BF9 /* Release */,
			);
			defaultConfigurationIsVisible = 0;
			defaultConfigurationName = Release;
		};
		57164BF02AC5AFA900C92BF9 /* Build configuration list for PBXNativeTarget "HealthBudy" */ = {
			isa = XCConfigurationList;
			buildConfigurations = (
				57164BF12AC5AFA900C92BF9 /* Debug */,
				57164BF22AC5AFA900C92BF9 /* Release */,
			);
			defaultConfigurationIsVisible = 0;
			defaultConfigurationName = Release;
		};
		57164BF32AC5AFA900C92BF9 /* Build configuration list for PBXNativeTarget "HealthBudyTests" */ = {
			isa = XCConfigurationList;
			buildConfigurations = (
				57164BF42AC5AFA900C92BF9 /* Debug */,
				57164BF52AC5AFA900C92BF9 /* Release */,
			);
			defaultConfigurationIsVisible = 0;
			defaultConfigurationName = Release;
		};
		57164BF62AC5AFA900C92BF9 /* Build configuration list for PBXNativeTarget "HealthBudyUITests" */ = {
			isa = XCConfigurationList;
			buildConfigurations = (
				57164BF72AC5AFA900C92BF9 /* Debug */,
				57164BF82AC5AFA900C92BF9 /* Release */,
			);
			defaultConfigurationIsVisible = 0;
			defaultConfigurationName = Release;
		};
/* End XCConfigurationList section */
	};
	rootObject = 57164BC42AC5AFA700C92BF9 /* Project object */;
}
