// !$*UTF8*$!
{
	archiveVersion = 1;
	classes = {
	};
	objectVersion = 56;
	objects = {

/* Begin PBXBuildFile section */
		5725F9952B16292B00289B71 /* charLevelView.swift in Sources */ = {isa = PBXBuildFile; fileRef = 5725F98C2B16292B00289B71 /* charLevelView.swift */; };
		5725F9982B16292B00289B71 /* ProfilView.swift in Sources */ = {isa = PBXBuildFile; fileRef = 5725F9912B16292B00289B71 /* ProfilView.swift */; };
		5725F9D42B16294F00289B71 /* TrophyView.swift in Sources */ = {isa = PBXBuildFile; fileRef = 5725F99E2B16294E00289B71 /* TrophyView.swift */; };
		5725F9D52B16294F00289B71 /* MapView.swift in Sources */ = {isa = PBXBuildFile; fileRef = 5725F99F2B16294E00289B71 /* MapView.swift */; };
		5725F9D82B16294F00289B71 /* MapButtonView.swift in Sources */ = {isa = PBXBuildFile; fileRef = 5725F9A52B16294E00289B71 /* MapButtonView.swift */; };
		5725F9DA2B16294F00289B71 /* TrophyButtonView.swift in Sources */ = {isa = PBXBuildFile; fileRef = 5725F9A72B16294E00289B71 /* TrophyButtonView.swift */; };
		5725F9DB2B16294F00289B71 /* ScoreButtonView.swift in Sources */ = {isa = PBXBuildFile; fileRef = 5725F9A82B16294E00289B71 /* ScoreButtonView.swift */; };
		5725F9DF2B16294F00289B71 /* NewAccountAnimation.swift in Sources */ = {isa = PBXBuildFile; fileRef = 5725F9AF2B16294E00289B71 /* NewAccountAnimation.swift */; };
		5725F9E12B16294F00289B71 /* SideBarView.swift in Sources */ = {isa = PBXBuildFile; fileRef = 5725F9B42B16294E00289B71 /* SideBarView.swift */; };
		5725F9E32B16294F00289B71 /* SBInvetoryFoodView.swift in Sources */ = {isa = PBXBuildFile; fileRef = 5725F9B92B16294E00289B71 /* SBInvetoryFoodView.swift */; };
		5725F9E42B16294F00289B71 /* SBInventoryClothView.swift in Sources */ = {isa = PBXBuildFile; fileRef = 5725F9BA2B16294E00289B71 /* SBInventoryClothView.swift */; };
		5725F9E52B16294F00289B71 /* SBInvetoryAccessoriesView.swift in Sources */ = {isa = PBXBuildFile; fileRef = 5725F9BB2B16294E00289B71 /* SBInvetoryAccessoriesView.swift */; };
		5725F9E82B16294F00289B71 /* SBInventoryWorldView.swift in Sources */ = {isa = PBXBuildFile; fileRef = 5725F9BE2B16294E00289B71 /* SBInventoryWorldView.swift */; };
		5725F9EC2B16294F00289B71 /* SideBarInvetoryFoodView.swift in Sources */ = {isa = PBXBuildFile; fileRef = 5725F9C32B16294E00289B71 /* SideBarInvetoryFoodView.swift */; };
		5725F9EE2B16294F00289B71 /* SideBarInventoryLookView.swift in Sources */ = {isa = PBXBuildFile; fileRef = 5725F9C52B16294E00289B71 /* SideBarInventoryLookView.swift */; };
		5725F9F02B16294F00289B71 /* LoginAnimation.swift in Sources */ = {isa = PBXBuildFile; fileRef = 5725F9C92B16294E00289B71 /* LoginAnimation.swift */; };
		5725F9F22B16294F00289B71 /* LoginPopUp.swift in Sources */ = {isa = PBXBuildFile; fileRef = 5725F9CB2B16294E00289B71 /* LoginPopUp.swift */; };
		5725F9F32B16294F00289B71 /* LoginViewModel.swift in Sources */ = {isa = PBXBuildFile; fileRef = 5725F9CD2B16294E00289B71 /* LoginViewModel.swift */; };
		5725F9F42B16294F00289B71 /* HomeActivity.swift in Sources */ = {isa = PBXBuildFile; fileRef = 5725F9D02B16294E00289B71 /* HomeActivity.swift */; };
		5725F9F62B16299100289B71 /* WatchView.swift in Sources */ = {isa = PBXBuildFile; fileRef = 5725F9F52B16299100289B71 /* WatchView.swift */; };
		5749E3612B1F2BA800DA6482 /* PopupBackgroundBox.swift in Sources */ = {isa = PBXBuildFile; fileRef = 5749E3602B1F2BA800DA6482 /* PopupBackgroundBox.swift */; };
		5749E3652B1F321E00DA6482 /* PopupContentBackgroundBox.swift in Sources */ = {isa = PBXBuildFile; fileRef = 5749E3642B1F321E00DA6482 /* PopupContentBackgroundBox.swift */; };
		575EAB952B208F76000E3AEC /* MapSearchView.swift in Sources */ = {isa = PBXBuildFile; fileRef = 575EAB942B208F76000E3AEC /* MapSearchView.swift */; };
		575EAB972B2093CB000E3AEC /* MapContentView.swift in Sources */ = {isa = PBXBuildFile; fileRef = 575EAB962B2093CB000E3AEC /* MapContentView.swift */; };
		575EAB992B209401000E3AEC /* MapActionView.swift in Sources */ = {isa = PBXBuildFile; fileRef = 575EAB982B209401000E3AEC /* MapActionView.swift */; };
		575EAB9D2B21A9CF000E3AEC /* RiveRuntime in Frameworks */ = {isa = PBXBuildFile; productRef = 575EAB9C2B21A9CF000E3AEC /* RiveRuntime */; };
		575EAB9F2B21AA24000E3AEC /* CharacterView.swift in Sources */ = {isa = PBXBuildFile; fileRef = 575EAB9E2B21AA24000E3AEC /* CharacterView.swift */; };
		575EABA42B21C67B000E3AEC /* ProfilPictureView.swift in Sources */ = {isa = PBXBuildFile; fileRef = 575EABA32B21C67B000E3AEC /* ProfilPictureView.swift */; };
		575EABA62B21C6EE000E3AEC /* ProfilInfoView.swift in Sources */ = {isa = PBXBuildFile; fileRef = 575EABA52B21C6EE000E3AEC /* ProfilInfoView.swift */; };
		575EABA82B21C759000E3AEC /* ProfilListView.swift in Sources */ = {isa = PBXBuildFile; fileRef = 575EABA72B21C759000E3AEC /* ProfilListView.swift */; };
		575EABAA2B21C928000E3AEC /* ExtensionColor.swift in Sources */ = {isa = PBXBuildFile; fileRef = 575EABA92B21C928000E3AEC /* ExtensionColor.swift */; };
		575EABAD2B21C9B4000E3AEC /* SettingsInfoView.swift in Sources */ = {isa = PBXBuildFile; fileRef = 575EABAC2B21C9B4000E3AEC /* SettingsInfoView.swift */; };
		575EABAF2B21C9C1000E3AEC /* SettingsListView.swift in Sources */ = {isa = PBXBuildFile; fileRef = 575EABAE2B21C9C1000E3AEC /* SettingsListView.swift */; };
		575EABB22B21D0A9000E3AEC /* HealthBarView.swift in Sources */ = {isa = PBXBuildFile; fileRef = 575EABB12B21D0A8000E3AEC /* HealthBarView.swift */; };
		575EABB42B21D156000E3AEC /* CleanlinessBarView.swift in Sources */ = {isa = PBXBuildFile; fileRef = 575EABB32B21D156000E3AEC /* CleanlinessBarView.swift */; };
		575EABB62B21D282000E3AEC /* HungryBarView.swift in Sources */ = {isa = PBXBuildFile; fileRef = 575EABB52B21D282000E3AEC /* HungryBarView.swift */; };
		575EABB82B21D329000E3AEC /* HappynessBarView.swift in Sources */ = {isa = PBXBuildFile; fileRef = 575EABB72B21D329000E3AEC /* HappynessBarView.swift */; };
		575EABBA2B21D626000E3AEC /* LifeCycleBarView.swift in Sources */ = {isa = PBXBuildFile; fileRef = 575EABB92B21D626000E3AEC /* LifeCycleBarView.swift */; };
		575EABBC2B21DB05000E3AEC /* MoneyView.swift in Sources */ = {isa = PBXBuildFile; fileRef = 575EABBB2B21DB05000E3AEC /* MoneyView.swift */; };
		57ABEDC82B1E58700096F920 /* DeathView.swift in Sources */ = {isa = PBXBuildFile; fileRef = 57ABEDC72B1E58700096F920 /* DeathView.swift */; };
		57ABEDCB2B1E589C0096F920 /* SleepView.swift in Sources */ = {isa = PBXBuildFile; fileRef = 57ABEDCA2B1E589C0096F920 /* SleepView.swift */; };
		57C1FF6A2B29E2C700D7CAB7 /* BlurEffect.swift in Sources */ = {isa = PBXBuildFile; fileRef = 57C1FF692B29E2C700D7CAB7 /* BlurEffect.swift */; };
		57C1FF6C2B29FABD00D7CAB7 /* BackgroundBarView.swift in Sources */ = {isa = PBXBuildFile; fileRef = 57C1FF6B2B29FABD00D7CAB7 /* BackgroundBarView.swift */; };
		F1619AD82AB8280D00D8FCEE /* HealthBuddyApp.swift in Sources */ = {isa = PBXBuildFile; fileRef = F1619AD72AB8280D00D8FCEE /* HealthBuddyApp.swift */; };
		F1619ADC2AB8280E00D8FCEE /* Assets.xcassets in Resources */ = {isa = PBXBuildFile; fileRef = F1619ADB2AB8280E00D8FCEE /* Assets.xcassets */; };
		F1619ADF2AB8280E00D8FCEE /* Preview Assets.xcassets in Resources */ = {isa = PBXBuildFile; fileRef = F1619ADE2AB8280E00D8FCEE /* Preview Assets.xcassets */; };
		F1619AE12AB8280E00D8FCEE /* Persistence.swift in Sources */ = {isa = PBXBuildFile; fileRef = F1619AE02AB8280E00D8FCEE /* Persistence.swift */; };
		F1619AE42AB8280E00D8FCEE /* HealthBuddy.xcdatamodeld in Sources */ = {isa = PBXBuildFile; fileRef = F1619AE22AB8280E00D8FCEE /* HealthBuddy.xcdatamodeld */; };
		F1AC8A792B1DCFB600236EA7 /* Droppable.swift in Sources */ = {isa = PBXBuildFile; fileRef = F1AC8A782B1DCFB600236EA7 /* Droppable.swift */; };
		F1B0F13A2B20899E004F9BFA /* Toy.swift in Sources */ = {isa = PBXBuildFile; fileRef = F1B0F1392B20899E004F9BFA /* Toy.swift */; };
		F1B7408B2B0C98F90084417F /* JsonFunctions.swift in Sources */ = {isa = PBXBuildFile; fileRef = F1B740882B0C98F90084417F /* JsonFunctions.swift */; };
		F1B7408C2B0C98F90084417F /* buddyData.json in Resources */ = {isa = PBXBuildFile; fileRef = F1B740892B0C98F90084417F /* buddyData.json */; };
		F1B7408D2B0C98F90084417F /* foodList.json in Resources */ = {isa = PBXBuildFile; fileRef = F1B7408A2B0C98F90084417F /* foodList.json */; };
		F1B740952B0C99050084417F /* DataModel.swift in Sources */ = {isa = PBXBuildFile; fileRef = F1B7408F2B0C99050084417F /* DataModel.swift */; };
		F1B740962B0C99050084417F /* Buddy.swift in Sources */ = {isa = PBXBuildFile; fileRef = F1B740912B0C99050084417F /* Buddy.swift */; };
		F1B740982B0C99050084417F /* Food.swift in Sources */ = {isa = PBXBuildFile; fileRef = F1B740942B0C99050084417F /* Food.swift */; };
		F1B7409F2B0C990B0084417F /* MainTestingView.swift in Sources */ = {isa = PBXBuildFile; fileRef = F1B7409B2B0C990B0084417F /* MainTestingView.swift */; };
		F1B740A02B0C990B0084417F /* CircledFood.swift in Sources */ = {isa = PBXBuildFile; fileRef = F1B7409C2B0C990B0084417F /* CircledFood.swift */; };
		F1B740A12B0C990B0084417F /* BuddyStat.swift in Sources */ = {isa = PBXBuildFile; fileRef = F1B7409D2B0C990B0084417F /* BuddyStat.swift */; };
		F1B740A22B0C990B0084417F /* ContentView.swift in Sources */ = {isa = PBXBuildFile; fileRef = F1B7409E2B0C990B0084417F /* ContentView.swift */; };
		F1E8F8CE2B21CFBF00B08B85 /* Data+Toy.swift in Sources */ = {isa = PBXBuildFile; fileRef = F1E8F8CD2B21CFBF00B08B85 /* Data+Toy.swift */; };
		F1E8F8D02B21D2A300B08B85 /* SideBarInventoryToyView.swift in Sources */ = {isa = PBXBuildFile; fileRef = F1E8F8CF2B21D2A300B08B85 /* SideBarInventoryToyView.swift */; };
		F1E8F8D22B21D3C200B08B85 /* SBInventoryToyView.swift in Sources */ = {isa = PBXBuildFile; fileRef = F1E8F8D12B21D3C200B08B85 /* SBInventoryToyView.swift */; };
		F1EA983F2B1893FC005309D2 /* TopBarView.swift in Sources */ = {isa = PBXBuildFile; fileRef = 5725F9872B16292B00289B71 /* TopBarView.swift */; };
		F1EA98402B189425005309D2 /* ProfilButtonView.swift in Sources */ = {isa = PBXBuildFile; fileRef = 5725F98E2B16292B00289B71 /* ProfilButtonView.swift */; };
		F1EA98412B189428005309D2 /* SettingsButtonView.swift in Sources */ = {isa = PBXBuildFile; fileRef = 5725F98F2B16292B00289B71 /* SettingsButtonView.swift */; };
		F1EA98422B189430005309D2 /* charNameView.swift in Sources */ = {isa = PBXBuildFile; fileRef = 5725F98B2B16292B00289B71 /* charNameView.swift */; };
		F1EA98432B18944C005309D2 /* SettingsView.swift in Sources */ = {isa = PBXBuildFile; fileRef = 5725F9922B16292B00289B71 /* SettingsView.swift */; };
		F1EA98442B189473005309D2 /* BuildSheet.swift in Sources */ = {isa = PBXBuildFile; fileRef = 5725F9842B16290700289B71 /* BuildSheet.swift */; };
		F1EA98452B189475005309D2 /* MainContentView.swift in Sources */ = {isa = PBXBuildFile; fileRef = 5725F9AB2B16294E00289B71 /* MainContentView.swift */; };
		F1EA98462B189487005309D2 /* ShopView.swift in Sources */ = {isa = PBXBuildFile; fileRef = 5725F99C2B16294E00289B71 /* ShopView.swift */; };
		F1EA98472B18948A005309D2 /* MainActivity.swift in Sources */ = {isa = PBXBuildFile; fileRef = 5725F99D2B16294E00289B71 /* MainActivity.swift */; };
		F1EA98482B189490005309D2 /* ScoreView.swift in Sources */ = {isa = PBXBuildFile; fileRef = 5725F9A02B16294E00289B71 /* ScoreView.swift */; };
		F1EA98492B189493005309D2 /* BottomBarView.swift in Sources */ = {isa = PBXBuildFile; fileRef = 5725F9A22B16294E00289B71 /* BottomBarView.swift */; };
		F1EA984A2B189499005309D2 /* ShopButtonView.swift in Sources */ = {isa = PBXBuildFile; fileRef = 5725F9A62B16294E00289B71 /* ShopButtonView.swift */; };
		F1EA984B2B1894E4005309D2 /* HomeButtonView.swift in Sources */ = {isa = PBXBuildFile; fileRef = 5725F9A92B16294E00289B71 /* HomeButtonView.swift */; };
		F1EA984C2B1894F1005309D2 /* SBInventoryLookView.swift in Sources */ = {isa = PBXBuildFile; fileRef = 5725F9B82B16294E00289B71 /* SBInventoryLookView.swift */; };
		F1EA984E2B189500005309D2 /* SideBarInventoryClothView.swift in Sources */ = {isa = PBXBuildFile; fileRef = 5725F9C02B16294E00289B71 /* SideBarInventoryClothView.swift */; };
		F1EA984F2B189502005309D2 /* SideBarInvetoryAccessoriesView.swift in Sources */ = {isa = PBXBuildFile; fileRef = 5725F9C12B16294E00289B71 /* SideBarInvetoryAccessoriesView.swift */; };
		F1EA98502B18951A005309D2 /* SideBarInventoryWorldView.swift in Sources */ = {isa = PBXBuildFile; fileRef = 5725F9C62B16294E00289B71 /* SideBarInventoryWorldView.swift */; };
		F1EA98512B189528005309D2 /* LoginPage.swift in Sources */ = {isa = PBXBuildFile; fileRef = 5725F9CA2B16294E00289B71 /* LoginPage.swift */; };
		F1EA98522B18952F005309D2 /* NewAccountPage.swift in Sources */ = {isa = PBXBuildFile; fileRef = 5725F9AE2B16294E00289B71 /* NewAccountPage.swift */; };
		F1EA98532B189532005309D2 /* NewAccountPopup.swift in Sources */ = {isa = PBXBuildFile; fileRef = 5725F9B02B16294E00289B71 /* NewAccountPopup.swift */; };
		F1EA98552B18C0B7005309D2 /* Data+Food.swift in Sources */ = {isa = PBXBuildFile; fileRef = F1EA98542B18C0B7005309D2 /* Data+Food.swift */; };
		F1EA98582B18C238005309D2 /* ItemBox.swift in Sources */ = {isa = PBXBuildFile; fileRef = F1EA98572B18C238005309D2 /* ItemBox.swift */; };
		F1EA985C2B18CA33005309D2 /* toyList.json in Resources */ = {isa = PBXBuildFile; fileRef = F1EA985B2B18CA33005309D2 /* toyList.json */; };
		F1EA985E2B18CA48005309D2 /* cleaningList.json in Resources */ = {isa = PBXBuildFile; fileRef = F1EA985D2B18CA48005309D2 /* cleaningList.json */; };
		F1EA98612B18CABD005309D2 /* Cleaner.swift in Sources */ = {isa = PBXBuildFile; fileRef = F1EA98602B18CABD005309D2 /* Cleaner.swift */; };
		F1EA98632B18CB49005309D2 /* Data+Cleaner.swift in Sources */ = {isa = PBXBuildFile; fileRef = F1EA98622B18CB49005309D2 /* Data+Cleaner.swift */; };
		F1EA98652B18D50F005309D2 /* SBInventoryCleanerView.swift in Sources */ = {isa = PBXBuildFile; fileRef = F1EA98642B18D50F005309D2 /* SBInventoryCleanerView.swift */; };
		F1EA98672B18D5D3005309D2 /* SideBarInventoryCleanerView.swift in Sources */ = {isa = PBXBuildFile; fileRef = F1EA98662B18D5D3005309D2 /* SideBarInventoryCleanerView.swift */; };
/* End PBXBuildFile section */

/* Begin PBXFileReference section */
		5725F9842B16290700289B71 /* BuildSheet.swift */ = {isa = PBXFileReference; fileEncoding = 4; lastKnownFileType = sourcecode.swift; path = BuildSheet.swift; sourceTree = "<group>"; };
		5725F9872B16292B00289B71 /* TopBarView.swift */ = {isa = PBXFileReference; fileEncoding = 4; lastKnownFileType = sourcecode.swift; path = TopBarView.swift; sourceTree = "<group>"; };
		5725F98B2B16292B00289B71 /* charNameView.swift */ = {isa = PBXFileReference; fileEncoding = 4; lastKnownFileType = sourcecode.swift; path = charNameView.swift; sourceTree = "<group>"; };
		5725F98C2B16292B00289B71 /* charLevelView.swift */ = {isa = PBXFileReference; fileEncoding = 4; lastKnownFileType = sourcecode.swift; path = charLevelView.swift; sourceTree = "<group>"; };
		5725F98E2B16292B00289B71 /* ProfilButtonView.swift */ = {isa = PBXFileReference; fileEncoding = 4; lastKnownFileType = sourcecode.swift; path = ProfilButtonView.swift; sourceTree = "<group>"; };
		5725F98F2B16292B00289B71 /* SettingsButtonView.swift */ = {isa = PBXFileReference; fileEncoding = 4; lastKnownFileType = sourcecode.swift; path = SettingsButtonView.swift; sourceTree = "<group>"; };
		5725F9912B16292B00289B71 /* ProfilView.swift */ = {isa = PBXFileReference; fileEncoding = 4; lastKnownFileType = sourcecode.swift; path = ProfilView.swift; sourceTree = "<group>"; };
		5725F9922B16292B00289B71 /* SettingsView.swift */ = {isa = PBXFileReference; fileEncoding = 4; lastKnownFileType = sourcecode.swift; path = SettingsView.swift; sourceTree = "<group>"; };
		5725F99C2B16294E00289B71 /* ShopView.swift */ = {isa = PBXFileReference; fileEncoding = 4; lastKnownFileType = sourcecode.swift; path = ShopView.swift; sourceTree = "<group>"; };
		5725F99D2B16294E00289B71 /* MainActivity.swift */ = {isa = PBXFileReference; fileEncoding = 4; lastKnownFileType = sourcecode.swift; path = MainActivity.swift; sourceTree = "<group>"; };
		5725F99E2B16294E00289B71 /* TrophyView.swift */ = {isa = PBXFileReference; fileEncoding = 4; lastKnownFileType = sourcecode.swift; path = TrophyView.swift; sourceTree = "<group>"; };
		5725F99F2B16294E00289B71 /* MapView.swift */ = {isa = PBXFileReference; fileEncoding = 4; lastKnownFileType = sourcecode.swift; path = MapView.swift; sourceTree = "<group>"; };
		5725F9A02B16294E00289B71 /* ScoreView.swift */ = {isa = PBXFileReference; fileEncoding = 4; lastKnownFileType = sourcecode.swift; path = ScoreView.swift; sourceTree = "<group>"; };
		5725F9A22B16294E00289B71 /* BottomBarView.swift */ = {isa = PBXFileReference; fileEncoding = 4; lastKnownFileType = sourcecode.swift; path = BottomBarView.swift; sourceTree = "<group>"; };
		5725F9A52B16294E00289B71 /* MapButtonView.swift */ = {isa = PBXFileReference; fileEncoding = 4; lastKnownFileType = sourcecode.swift; path = MapButtonView.swift; sourceTree = "<group>"; };
		5725F9A62B16294E00289B71 /* ShopButtonView.swift */ = {isa = PBXFileReference; fileEncoding = 4; lastKnownFileType = sourcecode.swift; path = ShopButtonView.swift; sourceTree = "<group>"; };
		5725F9A72B16294E00289B71 /* TrophyButtonView.swift */ = {isa = PBXFileReference; fileEncoding = 4; lastKnownFileType = sourcecode.swift; path = TrophyButtonView.swift; sourceTree = "<group>"; };
		5725F9A82B16294E00289B71 /* ScoreButtonView.swift */ = {isa = PBXFileReference; fileEncoding = 4; lastKnownFileType = sourcecode.swift; path = ScoreButtonView.swift; sourceTree = "<group>"; };
		5725F9A92B16294E00289B71 /* HomeButtonView.swift */ = {isa = PBXFileReference; fileEncoding = 4; lastKnownFileType = sourcecode.swift; path = HomeButtonView.swift; sourceTree = "<group>"; };
		5725F9AB2B16294E00289B71 /* MainContentView.swift */ = {isa = PBXFileReference; fileEncoding = 4; lastKnownFileType = sourcecode.swift; path = MainContentView.swift; sourceTree = "<group>"; };
		5725F9AE2B16294E00289B71 /* NewAccountPage.swift */ = {isa = PBXFileReference; fileEncoding = 4; lastKnownFileType = sourcecode.swift; path = NewAccountPage.swift; sourceTree = "<group>"; };
		5725F9AF2B16294E00289B71 /* NewAccountAnimation.swift */ = {isa = PBXFileReference; fileEncoding = 4; lastKnownFileType = sourcecode.swift; path = NewAccountAnimation.swift; sourceTree = "<group>"; };
		5725F9B02B16294E00289B71 /* NewAccountPopup.swift */ = {isa = PBXFileReference; fileEncoding = 4; lastKnownFileType = sourcecode.swift; path = NewAccountPopup.swift; sourceTree = "<group>"; };
		5725F9B42B16294E00289B71 /* SideBarView.swift */ = {isa = PBXFileReference; fileEncoding = 4; lastKnownFileType = sourcecode.swift; path = SideBarView.swift; sourceTree = "<group>"; };
		5725F9B82B16294E00289B71 /* SBInventoryLookView.swift */ = {isa = PBXFileReference; fileEncoding = 4; lastKnownFileType = sourcecode.swift; path = SBInventoryLookView.swift; sourceTree = "<group>"; };
		5725F9B92B16294E00289B71 /* SBInvetoryFoodView.swift */ = {isa = PBXFileReference; fileEncoding = 4; lastKnownFileType = sourcecode.swift; path = SBInvetoryFoodView.swift; sourceTree = "<group>"; };
		5725F9BA2B16294E00289B71 /* SBInventoryClothView.swift */ = {isa = PBXFileReference; fileEncoding = 4; lastKnownFileType = sourcecode.swift; path = SBInventoryClothView.swift; sourceTree = "<group>"; };
		5725F9BB2B16294E00289B71 /* SBInvetoryAccessoriesView.swift */ = {isa = PBXFileReference; fileEncoding = 4; lastKnownFileType = sourcecode.swift; path = SBInvetoryAccessoriesView.swift; sourceTree = "<group>"; };
		5725F9BE2B16294E00289B71 /* SBInventoryWorldView.swift */ = {isa = PBXFileReference; fileEncoding = 4; lastKnownFileType = sourcecode.swift; path = SBInventoryWorldView.swift; sourceTree = "<group>"; };
		5725F9C02B16294E00289B71 /* SideBarInventoryClothView.swift */ = {isa = PBXFileReference; fileEncoding = 4; lastKnownFileType = sourcecode.swift; path = SideBarInventoryClothView.swift; sourceTree = "<group>"; };
		5725F9C12B16294E00289B71 /* SideBarInvetoryAccessoriesView.swift */ = {isa = PBXFileReference; fileEncoding = 4; lastKnownFileType = sourcecode.swift; path = SideBarInvetoryAccessoriesView.swift; sourceTree = "<group>"; };
		5725F9C32B16294E00289B71 /* SideBarInvetoryFoodView.swift */ = {isa = PBXFileReference; fileEncoding = 4; lastKnownFileType = sourcecode.swift; path = SideBarInvetoryFoodView.swift; sourceTree = "<group>"; };
		5725F9C52B16294E00289B71 /* SideBarInventoryLookView.swift */ = {isa = PBXFileReference; fileEncoding = 4; lastKnownFileType = sourcecode.swift; path = SideBarInventoryLookView.swift; sourceTree = "<group>"; };
		5725F9C62B16294E00289B71 /* SideBarInventoryWorldView.swift */ = {isa = PBXFileReference; fileEncoding = 4; lastKnownFileType = sourcecode.swift; path = SideBarInventoryWorldView.swift; sourceTree = "<group>"; };
		5725F9C92B16294E00289B71 /* LoginAnimation.swift */ = {isa = PBXFileReference; fileEncoding = 4; lastKnownFileType = sourcecode.swift; path = LoginAnimation.swift; sourceTree = "<group>"; };
		5725F9CA2B16294E00289B71 /* LoginPage.swift */ = {isa = PBXFileReference; fileEncoding = 4; lastKnownFileType = sourcecode.swift; path = LoginPage.swift; sourceTree = "<group>"; };
		5725F9CB2B16294E00289B71 /* LoginPopUp.swift */ = {isa = PBXFileReference; fileEncoding = 4; lastKnownFileType = sourcecode.swift; path = LoginPopUp.swift; sourceTree = "<group>"; };
		5725F9CD2B16294E00289B71 /* LoginViewModel.swift */ = {isa = PBXFileReference; fileEncoding = 4; lastKnownFileType = sourcecode.swift; path = LoginViewModel.swift; sourceTree = "<group>"; };
		5725F9D02B16294E00289B71 /* HomeActivity.swift */ = {isa = PBXFileReference; fileEncoding = 4; lastKnownFileType = sourcecode.swift; path = HomeActivity.swift; sourceTree = "<group>"; };
		5725F9F52B16299100289B71 /* WatchView.swift */ = {isa = PBXFileReference; fileEncoding = 4; lastKnownFileType = sourcecode.swift; path = WatchView.swift; sourceTree = "<group>"; };
		5749E3602B1F2BA800DA6482 /* PopupBackgroundBox.swift */ = {isa = PBXFileReference; lastKnownFileType = sourcecode.swift; path = PopupBackgroundBox.swift; sourceTree = "<group>"; };
		5749E3642B1F321E00DA6482 /* PopupContentBackgroundBox.swift */ = {isa = PBXFileReference; lastKnownFileType = sourcecode.swift; path = PopupContentBackgroundBox.swift; sourceTree = "<group>"; };
		575EAB942B208F76000E3AEC /* MapSearchView.swift */ = {isa = PBXFileReference; lastKnownFileType = sourcecode.swift; path = MapSearchView.swift; sourceTree = "<group>"; };
		575EAB962B2093CB000E3AEC /* MapContentView.swift */ = {isa = PBXFileReference; lastKnownFileType = sourcecode.swift; path = MapContentView.swift; sourceTree = "<group>"; };
		575EAB982B209401000E3AEC /* MapActionView.swift */ = {isa = PBXFileReference; lastKnownFileType = sourcecode.swift; path = MapActionView.swift; sourceTree = "<group>"; };
		575EAB9E2B21AA24000E3AEC /* CharacterView.swift */ = {isa = PBXFileReference; lastKnownFileType = sourcecode.swift; path = CharacterView.swift; sourceTree = "<group>"; };
		575EABA02B21ACA1000E3AEC /* mixing_animations.riv */ = {isa = PBXFileReference; lastKnownFileType = file; path = mixing_animations.riv; sourceTree = "<group>"; };
		575EABA32B21C67B000E3AEC /* ProfilPictureView.swift */ = {isa = PBXFileReference; lastKnownFileType = sourcecode.swift; path = ProfilPictureView.swift; sourceTree = "<group>"; };
		575EABA52B21C6EE000E3AEC /* ProfilInfoView.swift */ = {isa = PBXFileReference; lastKnownFileType = sourcecode.swift; path = ProfilInfoView.swift; sourceTree = "<group>"; };
		575EABA72B21C759000E3AEC /* ProfilListView.swift */ = {isa = PBXFileReference; lastKnownFileType = sourcecode.swift; path = ProfilListView.swift; sourceTree = "<group>"; };
		575EABA92B21C928000E3AEC /* ExtensionColor.swift */ = {isa = PBXFileReference; lastKnownFileType = sourcecode.swift; path = ExtensionColor.swift; sourceTree = "<group>"; };
		575EABAC2B21C9B4000E3AEC /* SettingsInfoView.swift */ = {isa = PBXFileReference; lastKnownFileType = sourcecode.swift; path = SettingsInfoView.swift; sourceTree = "<group>"; };
		575EABAE2B21C9C1000E3AEC /* SettingsListView.swift */ = {isa = PBXFileReference; lastKnownFileType = sourcecode.swift; path = SettingsListView.swift; sourceTree = "<group>"; };
		575EABB12B21D0A8000E3AEC /* HealthBarView.swift */ = {isa = PBXFileReference; lastKnownFileType = sourcecode.swift; path = HealthBarView.swift; sourceTree = "<group>"; };
		575EABB32B21D156000E3AEC /* CleanlinessBarView.swift */ = {isa = PBXFileReference; lastKnownFileType = sourcecode.swift; path = CleanlinessBarView.swift; sourceTree = "<group>"; };
		575EABB52B21D282000E3AEC /* HungryBarView.swift */ = {isa = PBXFileReference; lastKnownFileType = sourcecode.swift; path = HungryBarView.swift; sourceTree = "<group>"; };
		575EABB72B21D329000E3AEC /* HappynessBarView.swift */ = {isa = PBXFileReference; lastKnownFileType = sourcecode.swift; path = HappynessBarView.swift; sourceTree = "<group>"; };
		575EABB92B21D626000E3AEC /* LifeCycleBarView.swift */ = {isa = PBXFileReference; lastKnownFileType = sourcecode.swift; path = LifeCycleBarView.swift; sourceTree = "<group>"; };
		575EABBB2B21DB05000E3AEC /* MoneyView.swift */ = {isa = PBXFileReference; lastKnownFileType = sourcecode.swift; path = MoneyView.swift; sourceTree = "<group>"; };
		57ABEDC72B1E58700096F920 /* DeathView.swift */ = {isa = PBXFileReference; lastKnownFileType = sourcecode.swift; path = DeathView.swift; sourceTree = "<group>"; };
		57ABEDCA2B1E589C0096F920 /* SleepView.swift */ = {isa = PBXFileReference; lastKnownFileType = sourcecode.swift; path = SleepView.swift; sourceTree = "<group>"; };
		57C1FF692B29E2C700D7CAB7 /* BlurEffect.swift */ = {isa = PBXFileReference; lastKnownFileType = sourcecode.swift; path = BlurEffect.swift; sourceTree = "<group>"; };
		57C1FF6B2B29FABD00D7CAB7 /* BackgroundBarView.swift */ = {isa = PBXFileReference; lastKnownFileType = sourcecode.swift; path = BackgroundBarView.swift; sourceTree = "<group>"; };
		F1619AD42AB8280D00D8FCEE /* HealthBuddy.app */ = {isa = PBXFileReference; explicitFileType = wrapper.application; includeInIndex = 0; path = HealthBuddy.app; sourceTree = BUILT_PRODUCTS_DIR; };
		F1619AD72AB8280D00D8FCEE /* HealthBuddyApp.swift */ = {isa = PBXFileReference; lastKnownFileType = sourcecode.swift; path = HealthBuddyApp.swift; sourceTree = "<group>"; };
		F1619ADB2AB8280E00D8FCEE /* Assets.xcassets */ = {isa = PBXFileReference; lastKnownFileType = folder.assetcatalog; path = Assets.xcassets; sourceTree = "<group>"; };
		F1619ADE2AB8280E00D8FCEE /* Preview Assets.xcassets */ = {isa = PBXFileReference; lastKnownFileType = folder.assetcatalog; path = "Preview Assets.xcassets"; sourceTree = "<group>"; };
		F1619AE02AB8280E00D8FCEE /* Persistence.swift */ = {isa = PBXFileReference; lastKnownFileType = sourcecode.swift; path = Persistence.swift; sourceTree = "<group>"; };
		F1619AE32AB8280E00D8FCEE /* HealthBuddy.xcdatamodel */ = {isa = PBXFileReference; lastKnownFileType = wrapper.xcdatamodel; path = HealthBuddy.xcdatamodel; sourceTree = "<group>"; };
		F1AC8A782B1DCFB600236EA7 /* Droppable.swift */ = {isa = PBXFileReference; lastKnownFileType = sourcecode.swift; path = Droppable.swift; sourceTree = "<group>"; };
		F1B0F1392B20899E004F9BFA /* Toy.swift */ = {isa = PBXFileReference; lastKnownFileType = sourcecode.swift; path = Toy.swift; sourceTree = "<group>"; };
		F1B740882B0C98F90084417F /* JsonFunctions.swift */ = {isa = PBXFileReference; fileEncoding = 4; lastKnownFileType = sourcecode.swift; path = JsonFunctions.swift; sourceTree = "<group>"; };
		F1B740892B0C98F90084417F /* buddyData.json */ = {isa = PBXFileReference; fileEncoding = 4; lastKnownFileType = text.json; path = buddyData.json; sourceTree = "<group>"; };
		F1B7408A2B0C98F90084417F /* foodList.json */ = {isa = PBXFileReference; fileEncoding = 4; lastKnownFileType = text.json; path = foodList.json; sourceTree = "<group>"; };
		F1B7408F2B0C99050084417F /* DataModel.swift */ = {isa = PBXFileReference; fileEncoding = 4; lastKnownFileType = sourcecode.swift; path = DataModel.swift; sourceTree = "<group>"; };
		F1B740912B0C99050084417F /* Buddy.swift */ = {isa = PBXFileReference; fileEncoding = 4; lastKnownFileType = sourcecode.swift; path = Buddy.swift; sourceTree = "<group>"; };
		F1B740942B0C99050084417F /* Food.swift */ = {isa = PBXFileReference; fileEncoding = 4; lastKnownFileType = sourcecode.swift; path = Food.swift; sourceTree = "<group>"; };
		F1B7409B2B0C990B0084417F /* MainTestingView.swift */ = {isa = PBXFileReference; fileEncoding = 4; lastKnownFileType = sourcecode.swift; path = MainTestingView.swift; sourceTree = "<group>"; };
		F1B7409C2B0C990B0084417F /* CircledFood.swift */ = {isa = PBXFileReference; fileEncoding = 4; lastKnownFileType = sourcecode.swift; path = CircledFood.swift; sourceTree = "<group>"; };
		F1B7409D2B0C990B0084417F /* BuddyStat.swift */ = {isa = PBXFileReference; fileEncoding = 4; lastKnownFileType = sourcecode.swift; path = BuddyStat.swift; sourceTree = "<group>"; };
		F1B7409E2B0C990B0084417F /* ContentView.swift */ = {isa = PBXFileReference; fileEncoding = 4; lastKnownFileType = sourcecode.swift; path = ContentView.swift; sourceTree = "<group>"; };
		F1E8F8CD2B21CFBF00B08B85 /* Data+Toy.swift */ = {isa = PBXFileReference; lastKnownFileType = sourcecode.swift; path = "Data+Toy.swift"; sourceTree = "<group>"; };
		F1E8F8CF2B21D2A300B08B85 /* SideBarInventoryToyView.swift */ = {isa = PBXFileReference; lastKnownFileType = sourcecode.swift; path = SideBarInventoryToyView.swift; sourceTree = "<group>"; };
		F1E8F8D12B21D3C200B08B85 /* SBInventoryToyView.swift */ = {isa = PBXFileReference; lastKnownFileType = sourcecode.swift; path = SBInventoryToyView.swift; sourceTree = "<group>"; };
		F1EA98542B18C0B7005309D2 /* Data+Food.swift */ = {isa = PBXFileReference; lastKnownFileType = sourcecode.swift; path = "Data+Food.swift"; sourceTree = "<group>"; };
		F1EA98572B18C238005309D2 /* ItemBox.swift */ = {isa = PBXFileReference; lastKnownFileType = sourcecode.swift; path = ItemBox.swift; sourceTree = "<group>"; };
		F1EA985B2B18CA33005309D2 /* toyList.json */ = {isa = PBXFileReference; lastKnownFileType = text.json; path = toyList.json; sourceTree = "<group>"; };
		F1EA985D2B18CA48005309D2 /* cleaningList.json */ = {isa = PBXFileReference; lastKnownFileType = text.json; path = cleaningList.json; sourceTree = "<group>"; };
		F1EA98602B18CABD005309D2 /* Cleaner.swift */ = {isa = PBXFileReference; lastKnownFileType = sourcecode.swift; path = Cleaner.swift; sourceTree = "<group>"; };
		F1EA98622B18CB49005309D2 /* Data+Cleaner.swift */ = {isa = PBXFileReference; lastKnownFileType = sourcecode.swift; path = "Data+Cleaner.swift"; sourceTree = "<group>"; };
		F1EA98642B18D50F005309D2 /* SBInventoryCleanerView.swift */ = {isa = PBXFileReference; lastKnownFileType = sourcecode.swift; path = SBInventoryCleanerView.swift; sourceTree = "<group>"; };
		F1EA98662B18D5D3005309D2 /* SideBarInventoryCleanerView.swift */ = {isa = PBXFileReference; lastKnownFileType = sourcecode.swift; path = SideBarInventoryCleanerView.swift; sourceTree = "<group>"; };
/* End PBXFileReference section */

/* Begin PBXFrameworksBuildPhase section */
		F1619AD12AB8280D00D8FCEE /* Frameworks */ = {
			isa = PBXFrameworksBuildPhase;
			buildActionMask = 2147483647;
			files = (
				575EAB9D2B21A9CF000E3AEC /* RiveRuntime in Frameworks */,
			);
			runOnlyForDeploymentPostprocessing = 0;
		};
/* End PBXFrameworksBuildPhase section */

/* Begin PBXGroup section */
		5725F9862B16292B00289B71 /* TopBar */ = {
			isa = PBXGroup;
			children = (
				5725F9872B16292B00289B71 /* TopBarView.swift */,
				5725F9882B16292B00289B71 /* TopBar Content */,
				5725F9902B16292B00289B71 /* TopBar View */,
			);
			path = TopBar;
			sourceTree = "<group>";
		};
		5725F9882B16292B00289B71 /* TopBar Content */ = {
			isa = PBXGroup;
			children = (
				5725F9892B16292B00289B71 /* TopBar Elements */,
			);
			path = "TopBar Content";
			sourceTree = "<group>";
		};
		5725F9892B16292B00289B71 /* TopBar Elements */ = {
			isa = PBXGroup;
			children = (
				5725F98A2B16292B00289B71 /* TopBar Labels */,
				5725F98D2B16292B00289B71 /* TopBar Buttons */,
			);
			path = "TopBar Elements";
			sourceTree = "<group>";
		};
		5725F98A2B16292B00289B71 /* TopBar Labels */ = {
			isa = PBXGroup;
			children = (
				5725F98B2B16292B00289B71 /* charNameView.swift */,
				5725F98C2B16292B00289B71 /* charLevelView.swift */,
			);
			path = "TopBar Labels";
			sourceTree = "<group>";
		};
		5725F98D2B16292B00289B71 /* TopBar Buttons */ = {
			isa = PBXGroup;
			children = (
				5725F98E2B16292B00289B71 /* ProfilButtonView.swift */,
				5725F98F2B16292B00289B71 /* SettingsButtonView.swift */,
			);
			path = "TopBar Buttons";
			sourceTree = "<group>";
		};
		5725F9902B16292B00289B71 /* TopBar View */ = {
			isa = PBXGroup;
			children = (
				575EABAB2B21C94B000E3AEC /* Profil */,
				575EABB02B21CB26000E3AEC /* Settings */,
			);
			path = "TopBar View";
			sourceTree = "<group>";
		};
		5725F99A2B16294E00289B71 /* BottomBar */ = {
			isa = PBXGroup;
			children = (
				5725F99B2B16294E00289B71 /* BottomBar View */,
				5725F9A12B16294E00289B71 /* BottomBar Content */,
			);
			path = BottomBar;
			sourceTree = "<group>";
		};
		5725F99B2B16294E00289B71 /* BottomBar View */ = {
			isa = PBXGroup;
			children = (
				5725F9A02B16294E00289B71 /* ScoreView.swift */,
				5725F99C2B16294E00289B71 /* ShopView.swift */,
				5725F99E2B16294E00289B71 /* TrophyView.swift */,
				575EAB9A2B209446000E3AEC /* Map */,
			);
			path = "BottomBar View";
			sourceTree = "<group>";
		};
		5725F9A12B16294E00289B71 /* BottomBar Content */ = {
			isa = PBXGroup;
			children = (
				5725F9A22B16294E00289B71 /* BottomBarView.swift */,
				5725F9A32B16294E00289B71 /* BottomBar Elements */,
			);
			path = "BottomBar Content";
			sourceTree = "<group>";
		};
		5725F9A32B16294E00289B71 /* BottomBar Elements */ = {
			isa = PBXGroup;
			children = (
				5725F9A42B16294E00289B71 /* BottomBar Buttons */,
				5725F9AA2B16294E00289B71 /* BottomBar Labels */,
			);
			path = "BottomBar Elements";
			sourceTree = "<group>";
		};
		5725F9A42B16294E00289B71 /* BottomBar Buttons */ = {
			isa = PBXGroup;
			children = (
				5725F9A92B16294E00289B71 /* HomeButtonView.swift */,
				5725F9A82B16294E00289B71 /* ScoreButtonView.swift */,
				5725F9A62B16294E00289B71 /* ShopButtonView.swift */,
				5725F9A72B16294E00289B71 /* TrophyButtonView.swift */,
				5725F9A52B16294E00289B71 /* MapButtonView.swift */,
			);
			path = "BottomBar Buttons";
			sourceTree = "<group>";
		};
		5725F9AA2B16294E00289B71 /* BottomBar Labels */ = {
			isa = PBXGroup;
			children = (
			);
			path = "BottomBar Labels";
			sourceTree = "<group>";
		};
		5725F9AC2B16294E00289B71 /* New Account */ = {
			isa = PBXGroup;
			children = (
				5725F9AD2B16294E00289B71 /* New Account View */,
				5725F9B12B16294E00289B71 /* New Account Model */,
			);
			path = "New Account";
			sourceTree = "<group>";
		};
		5725F9AD2B16294E00289B71 /* New Account View */ = {
			isa = PBXGroup;
			children = (
				5725F9AE2B16294E00289B71 /* NewAccountPage.swift */,
				5725F9AF2B16294E00289B71 /* NewAccountAnimation.swift */,
				5725F9B02B16294E00289B71 /* NewAccountPopup.swift */,
			);
			path = "New Account View";
			sourceTree = "<group>";
		};
		5725F9B12B16294E00289B71 /* New Account Model */ = {
			isa = PBXGroup;
			children = (
			);
			path = "New Account Model";
			sourceTree = "<group>";
		};
		5725F9B22B16294E00289B71 /* SideBar */ = {
			isa = PBXGroup;
			children = (
				5725F9B32B16294E00289B71 /* SideBar Content */,
			);
			path = SideBar;
			sourceTree = "<group>";
		};
		5725F9B32B16294E00289B71 /* SideBar Content */ = {
			isa = PBXGroup;
			children = (
				5725F9B42B16294E00289B71 /* SideBarView.swift */,
				5725F9B52B16294E00289B71 /* SideBar Elements */,
				5725F9BF2B16294E00289B71 /* SideBar View */,
			);
			path = "SideBar Content";
			sourceTree = "<group>";
		};
		5725F9B52B16294E00289B71 /* SideBar Elements */ = {
			isa = PBXGroup;
			children = (
				5725F9B62B16294E00289B71 /* SideBar Labels */,
				5725F9B72B16294E00289B71 /* SideBar Buttons */,
			);
			path = "SideBar Elements";
			sourceTree = "<group>";
		};
		5725F9B62B16294E00289B71 /* SideBar Labels */ = {
			isa = PBXGroup;
			children = (
			);
			path = "SideBar Labels";
			sourceTree = "<group>";
		};
		5725F9B72B16294E00289B71 /* SideBar Buttons */ = {
			isa = PBXGroup;
			children = (
				5725F9B92B16294E00289B71 /* SBInvetoryFoodView.swift */,
				F1EA98642B18D50F005309D2 /* SBInventoryCleanerView.swift */,
				5725F9BA2B16294E00289B71 /* SBInventoryClothView.swift */,
				5725F9BB2B16294E00289B71 /* SBInvetoryAccessoriesView.swift */,
				5725F9B82B16294E00289B71 /* SBInventoryLookView.swift */,
				F1E8F8D12B21D3C200B08B85 /* SBInventoryToyView.swift */,
				5725F9BE2B16294E00289B71 /* SBInventoryWorldView.swift */,
			);
			path = "SideBar Buttons";
			sourceTree = "<group>";
		};
		5725F9BF2B16294E00289B71 /* SideBar View */ = {
			isa = PBXGroup;
			children = (
				5725F9C32B16294E00289B71 /* SideBarInvetoryFoodView.swift */,
				F1EA98662B18D5D3005309D2 /* SideBarInventoryCleanerView.swift */,
				5725F9C02B16294E00289B71 /* SideBarInventoryClothView.swift */,
				5725F9C12B16294E00289B71 /* SideBarInvetoryAccessoriesView.swift */,
				5725F9C52B16294E00289B71 /* SideBarInventoryLookView.swift */,
				F1E8F8CF2B21D2A300B08B85 /* SideBarInventoryToyView.swift */,
				5725F9C62B16294E00289B71 /* SideBarInventoryWorldView.swift */,
				F1EA98562B18C1B7005309D2 /* PopupItems */,
			);
			path = "SideBar View";
			sourceTree = "<group>";
		};
		5725F9C72B16294E00289B71 /* Login */ = {
			isa = PBXGroup;
			children = (
				5725F9C82B16294E00289B71 /* Login View */,
			);
			path = Login;
			sourceTree = "<group>";
		};
		5725F9C82B16294E00289B71 /* Login View */ = {
			isa = PBXGroup;
			children = (
				5725F9C92B16294E00289B71 /* LoginAnimation.swift */,
				5725F9CA2B16294E00289B71 /* LoginPage.swift */,
				5725F9CB2B16294E00289B71 /* LoginPopUp.swift */,
			);
			path = "Login View";
			sourceTree = "<group>";
		};
		5725F9CC2B16294E00289B71 /* Login Model */ = {
			isa = PBXGroup;
			children = (
				5725F9CD2B16294E00289B71 /* LoginViewModel.swift */,
			);
			path = "Login Model";
			sourceTree = "<group>";
		};
		5725F9CE2B16294E00289B71 /* Home Activity */ = {
			isa = PBXGroup;
			children = (
				5725F9CF2B16294E00289B71 /* Home Activity View */,
				5725F9D12B16294E00289B71 /* Home Activity Model */,
			);
			path = "Home Activity";
			sourceTree = "<group>";
		};
		5725F9CF2B16294E00289B71 /* Home Activity View */ = {
			isa = PBXGroup;
			children = (
				5725F99D2B16294E00289B71 /* MainActivity.swift */,
				5725F9D02B16294E00289B71 /* HomeActivity.swift */,
			);
			path = "Home Activity View";
			sourceTree = "<group>";
		};
		5725F9D12B16294E00289B71 /* Home Activity Model */ = {
			isa = PBXGroup;
			children = (
			);
			path = "Home Activity Model";
			sourceTree = "<group>";
		};
		575EAB9A2B209446000E3AEC /* Map */ = {
			isa = PBXGroup;
			children = (
				5725F99F2B16294E00289B71 /* MapView.swift */,
				575EAB982B209401000E3AEC /* MapActionView.swift */,
				575EAB962B2093CB000E3AEC /* MapContentView.swift */,
				575EAB942B208F76000E3AEC /* MapSearchView.swift */,
			);
			path = Map;
			sourceTree = "<group>";
		};
		575EABAB2B21C94B000E3AEC /* Profil */ = {
			isa = PBXGroup;
			children = (
				5725F9912B16292B00289B71 /* ProfilView.swift */,
				575EABA32B21C67B000E3AEC /* ProfilPictureView.swift */,
				575EABA52B21C6EE000E3AEC /* ProfilInfoView.swift */,
				575EABA72B21C759000E3AEC /* ProfilListView.swift */,
			);
			path = Profil;
			sourceTree = "<group>";
		};
		575EABB02B21CB26000E3AEC /* Settings */ = {
			isa = PBXGroup;
			children = (
				5725F9922B16292B00289B71 /* SettingsView.swift */,
				575EABAC2B21C9B4000E3AEC /* SettingsInfoView.swift */,
				575EABAE2B21C9C1000E3AEC /* SettingsListView.swift */,
			);
			path = Settings;
			sourceTree = "<group>";
		};
		57ABEDC62B1E58510096F920 /* Death */ = {
			isa = PBXGroup;
			children = (
				57ABEDC72B1E58700096F920 /* DeathView.swift */,
			);
			path = Death;
			sourceTree = "<group>";
		};
		57ABEDC92B1E588B0096F920 /* Sleep */ = {
			isa = PBXGroup;
			children = (
				57ABEDCA2B1E589C0096F920 /* SleepView.swift */,
			);
			path = Sleep;
			sourceTree = "<group>";
		};
		F1619ACB2AB8280D00D8FCEE = {
			isa = PBXGroup;
			children = (
				F1619AD62AB8280D00D8FCEE /* HealthBuddy */,
				F1619AD52AB8280D00D8FCEE /* Products */,
			);
			sourceTree = "<group>";
		};
		F1619AD52AB8280D00D8FCEE /* Products */ = {
			isa = PBXGroup;
			children = (
				F1619AD42AB8280D00D8FCEE /* HealthBuddy.app */,
			);
			name = Products;
			sourceTree = "<group>";
		};
		F1619AD62AB8280D00D8FCEE /* HealthBuddy */ = {
			isa = PBXGroup;
			children = (
				F1B740992B0C990B0084417F /* Views */,
				F1B7408E2B0C99050084417F /* Models */,
				F1B740872B0C98F90084417F /* Ressources */,
				F1619AD72AB8280D00D8FCEE /* HealthBuddyApp.swift */,
				5725F9F52B16299100289B71 /* WatchView.swift */,
				F1619ADB2AB8280E00D8FCEE /* Assets.xcassets */,
				575EABA02B21ACA1000E3AEC /* mixing_animations.riv */,
				F1619AE02AB8280E00D8FCEE /* Persistence.swift */,
				F1619AE22AB8280E00D8FCEE /* HealthBuddy.xcdatamodeld */,
				F1619ADD2AB8280E00D8FCEE /* Preview Content */,
				575EABA92B21C928000E3AEC /* ExtensionColor.swift */,
			);
			path = HealthBuddy;
			sourceTree = "<group>";
		};
		F1619ADD2AB8280E00D8FCEE /* Preview Content */ = {
			isa = PBXGroup;
			children = (
				F1619ADE2AB8280E00D8FCEE /* Preview Assets.xcassets */,
			);
			path = "Preview Content";
			sourceTree = "<group>";
		};
		F1AC8A772B1DCF7900236EA7 /* Droppables */ = {
			isa = PBXGroup;
			children = (
				F1AC8A782B1DCFB600236EA7 /* Droppable.swift */,
				F1B0F1382B20895F004F9BFA /* ToyModels */,
				F1EA985F2B18CAA6005309D2 /* CleanerModels */,
				F1B740932B0C99050084417F /* FoodModels */,
			);
			path = Droppables;
			sourceTree = "<group>";
		};
		F1B0F1382B20895F004F9BFA /* ToyModels */ = {
			isa = PBXGroup;
			children = (
				F1B0F1392B20899E004F9BFA /* Toy.swift */,
				F1E8F8CD2B21CFBF00B08B85 /* Data+Toy.swift */,
			);
			path = ToyModels;
			sourceTree = "<group>";
		};
		F1B740872B0C98F90084417F /* Ressources */ = {
			isa = PBXGroup;
			children = (
				F1B740882B0C98F90084417F /* JsonFunctions.swift */,
				F1B740892B0C98F90084417F /* buddyData.json */,
				F1B7408A2B0C98F90084417F /* foodList.json */,
				F1EA985B2B18CA33005309D2 /* toyList.json */,
				F1EA985D2B18CA48005309D2 /* cleaningList.json */,
			);
			path = Ressources;
			sourceTree = "<group>";
		};
		F1B7408E2B0C99050084417F /* Models */ = {
			isa = PBXGroup;
			children = (
				F1B7408F2B0C99050084417F /* DataModel.swift */,
				F1AC8A772B1DCF7900236EA7 /* Droppables */,
				5725F9CC2B16294E00289B71 /* Login Model */,
				F1B740902B0C99050084417F /* BuddyModels */,
			);
			path = Models;
			sourceTree = "<group>";
		};
		F1B740902B0C99050084417F /* BuddyModels */ = {
			isa = PBXGroup;
			children = (
				F1B740912B0C99050084417F /* Buddy.swift */,
			);
			path = BuddyModels;
			sourceTree = "<group>";
		};
		F1B740932B0C99050084417F /* FoodModels */ = {
			isa = PBXGroup;
			children = (
				F1B740942B0C99050084417F /* Food.swift */,
				F1EA98542B18C0B7005309D2 /* Data+Food.swift */,
			);
			path = FoodModels;
			sourceTree = "<group>";
		};
		F1B740992B0C990B0084417F /* Views */ = {
			isa = PBXGroup;
			children = (
				F1B7409E2B0C990B0084417F /* ContentView.swift */,
				5725F9842B16290700289B71 /* BuildSheet.swift */,
				F1EA983E2B1890EE005309D2 /* MainPage */,
				5725F9862B16292B00289B71 /* TopBar */,
				5725F99A2B16294E00289B71 /* BottomBar */,
				5725F9B22B16294E00289B71 /* SideBar */,
				5725F9CE2B16294E00289B71 /* Home Activity */,
				5725F9C72B16294E00289B71 /* Login */,
				5725F9AC2B16294E00289B71 /* New Account */,
				57ABEDC62B1E58510096F920 /* Death */,
				57ABEDC92B1E588B0096F920 /* Sleep */,
				F1B7409A2B0C990B0084417F /* TestViews */,
				5749E3602B1F2BA800DA6482 /* PopupBackgroundBox.swift */,
				5749E3642B1F321E00DA6482 /* PopupContentBackgroundBox.swift */,
			);
			path = Views;
			sourceTree = "<group>";
		};
		F1B7409A2B0C990B0084417F /* TestViews */ = {
			isa = PBXGroup;
			children = (
				F1B7409B2B0C990B0084417F /* MainTestingView.swift */,
				F1B7409C2B0C990B0084417F /* CircledFood.swift */,
				F1B7409D2B0C990B0084417F /* BuddyStat.swift */,
			);
			path = TestViews;
			sourceTree = "<group>";
		};
		F1E8F8D42B21F77F00B08B85 /* StatsBars */ = {
			isa = PBXGroup;
			children = (
				575EABB12B21D0A8000E3AEC /* HealthBarView.swift */,
				575EABB52B21D282000E3AEC /* HungryBarView.swift */,
				575EABB32B21D156000E3AEC /* CleanlinessBarView.swift */,
				575EABB72B21D329000E3AEC /* HappynessBarView.swift */,
				57C1FF6B2B29FABD00D7CAB7 /* BackgroundBarView.swift */,
			);
			path = StatsBars;
			sourceTree = "<group>";
		};
		F1EA983E2B1890EE005309D2 /* MainPage */ = {
			isa = PBXGroup;
			children = (
				5725F9AB2B16294E00289B71 /* MainContentView.swift */,
				575EABBB2B21DB05000E3AEC /* MoneyView.swift */,
				57C1FF692B29E2C700D7CAB7 /* BlurEffect.swift */,
				575EAB9E2B21AA24000E3AEC /* CharacterView.swift */,
				575EABB92B21D626000E3AEC /* LifeCycleBarView.swift */,
				F1E8F8D42B21F77F00B08B85 /* StatsBars */,
			);
			path = MainPage;
			sourceTree = "<group>";
		};
		F1EA98562B18C1B7005309D2 /* PopupItems */ = {
			isa = PBXGroup;
			children = (
				F1EA98572B18C238005309D2 /* ItemBox.swift */,
			);
			path = PopupItems;
			sourceTree = "<group>";
		};
		F1EA985F2B18CAA6005309D2 /* CleanerModels */ = {
			isa = PBXGroup;
			children = (
				F1EA98602B18CABD005309D2 /* Cleaner.swift */,
				F1EA98622B18CB49005309D2 /* Data+Cleaner.swift */,
			);
			path = CleanerModels;
			sourceTree = "<group>";
		};
/* End PBXGroup section */

/* Begin PBXNativeTarget section */
		F1619AD32AB8280D00D8FCEE /* HealthBuddy */ = {
			isa = PBXNativeTarget;
			buildConfigurationList = F1619AE72AB8280E00D8FCEE /* Build configuration list for PBXNativeTarget "HealthBuddy" */;
			buildPhases = (
				F1619AD02AB8280D00D8FCEE /* Sources */,
				F1619AD12AB8280D00D8FCEE /* Frameworks */,
				F1619AD22AB8280D00D8FCEE /* Resources */,
			);
			buildRules = (
			);
			dependencies = (
			);
			name = HealthBuddy;
			packageProductDependencies = (
				575EAB9C2B21A9CF000E3AEC /* RiveRuntime */,
			);
			productName = HealthBuddy;
			productReference = F1619AD42AB8280D00D8FCEE /* HealthBuddy.app */;
			productType = "com.apple.product-type.application";
		};
/* End PBXNativeTarget section */

/* Begin PBXProject section */
		F1619ACC2AB8280D00D8FCEE /* Project object */ = {
			isa = PBXProject;
			attributes = {
				BuildIndependentTargetsInParallel = 1;
				LastSwiftUpdateCheck = 1430;
				LastUpgradeCheck = 1430;
				TargetAttributes = {
					F1619AD32AB8280D00D8FCEE = {
						CreatedOnToolsVersion = 14.3;
					};
				};
			};
			buildConfigurationList = F1619ACF2AB8280D00D8FCEE /* Build configuration list for PBXProject "HealthBuddy" */;
			compatibilityVersion = "Xcode 14.0";
			developmentRegion = en;
			hasScannedForEncodings = 0;
			knownRegions = (
				en,
				Base,
			);
			mainGroup = F1619ACB2AB8280D00D8FCEE;
			packageReferences = (
				575EAB9B2B21A9CF000E3AEC /* XCRemoteSwiftPackageReference "rive-ios" */,
			);
			productRefGroup = F1619AD52AB8280D00D8FCEE /* Products */;
			projectDirPath = "";
			projectRoot = "";
			targets = (
				F1619AD32AB8280D00D8FCEE /* HealthBuddy */,
			);
		};
/* End PBXProject section */

/* Begin PBXResourcesBuildPhase section */
		F1619AD22AB8280D00D8FCEE /* Resources */ = {
			isa = PBXResourcesBuildPhase;
			buildActionMask = 2147483647;
			files = (
				F1EA985C2B18CA33005309D2 /* toyList.json in Resources */,
				F1B7408C2B0C98F90084417F /* buddyData.json in Resources */,
				F1EA985E2B18CA48005309D2 /* cleaningList.json in Resources */,
				F1B7408D2B0C98F90084417F /* foodList.json in Resources */,
				F1619ADF2AB8280E00D8FCEE /* Preview Assets.xcassets in Resources */,
				F1619ADC2AB8280E00D8FCEE /* Assets.xcassets in Resources */,
			);
			runOnlyForDeploymentPostprocessing = 0;
		};
/* End PBXResourcesBuildPhase section */

/* Begin PBXSourcesBuildPhase section */
		F1619AD02AB8280D00D8FCEE /* Sources */ = {
			isa = PBXSourcesBuildPhase;
			buildActionMask = 2147483647;
			files = (
				F1EA98632B18CB49005309D2 /* Data+Cleaner.swift in Sources */,
				F1EA98462B189487005309D2 /* ShopView.swift in Sources */,
				F1B7408B2B0C98F90084417F /* JsonFunctions.swift in Sources */,
				F1E8F8D22B21D3C200B08B85 /* SBInventoryToyView.swift in Sources */,
				5725F9F32B16294F00289B71 /* LoginViewModel.swift in Sources */,
				F1EA984A2B189499005309D2 /* ShopButtonView.swift in Sources */,
				F1EA98582B18C238005309D2 /* ItemBox.swift in Sources */,
				5725F9DB2B16294F00289B71 /* ScoreButtonView.swift in Sources */,
				575EABAD2B21C9B4000E3AEC /* SettingsInfoView.swift in Sources */,
				575EABB42B21D156000E3AEC /* CleanlinessBarView.swift in Sources */,
				5725F9DF2B16294F00289B71 /* NewAccountAnimation.swift in Sources */,
				5725F9D42B16294F00289B71 /* TrophyView.swift in Sources */,
				575EABA62B21C6EE000E3AEC /* ProfilInfoView.swift in Sources */,
				5725F9F42B16294F00289B71 /* HomeActivity.swift in Sources */,
				5725F9DA2B16294F00289B71 /* TrophyButtonView.swift in Sources */,
				F1EA984C2B1894F1005309D2 /* SBInventoryLookView.swift in Sources */,
				57C1FF6A2B29E2C700D7CAB7 /* BlurEffect.swift in Sources */,
				575EAB952B208F76000E3AEC /* MapSearchView.swift in Sources */,
				57ABEDC82B1E58700096F920 /* DeathView.swift in Sources */,
				F1EA98402B189425005309D2 /* ProfilButtonView.swift in Sources */,
				5725F9F22B16294F00289B71 /* LoginPopUp.swift in Sources */,
				F1EA98502B18951A005309D2 /* SideBarInventoryWorldView.swift in Sources */,
				F1EA983F2B1893FC005309D2 /* TopBarView.swift in Sources */,
				5725F9EC2B16294F00289B71 /* SideBarInvetoryFoodView.swift in Sources */,
				5725F9E42B16294F00289B71 /* SBInventoryClothView.swift in Sources */,
				5725F9D52B16294F00289B71 /* MapView.swift in Sources */,
				575EAB972B2093CB000E3AEC /* MapContentView.swift in Sources */,
				F1EA98532B189532005309D2 /* NewAccountPopup.swift in Sources */,
				5725F9E12B16294F00289B71 /* SideBarView.swift in Sources */,
				5725F9982B16292B00289B71 /* ProfilView.swift in Sources */,
				F1EA98672B18D5D3005309D2 /* SideBarInventoryCleanerView.swift in Sources */,
				F1619AE12AB8280E00D8FCEE /* Persistence.swift in Sources */,
				575EABB22B21D0A9000E3AEC /* HealthBarView.swift in Sources */,
				F1EA98552B18C0B7005309D2 /* Data+Food.swift in Sources */,
				57C1FF6C2B29FABD00D7CAB7 /* BackgroundBarView.swift in Sources */,
				F1B740962B0C99050084417F /* Buddy.swift in Sources */,
				575EABAF2B21C9C1000E3AEC /* SettingsListView.swift in Sources */,
				5725F9F02B16294F00289B71 /* LoginAnimation.swift in Sources */,
				F1619AE42AB8280E00D8FCEE /* HealthBuddy.xcdatamodeld in Sources */,
				F1B740982B0C99050084417F /* Food.swift in Sources */,
				F1B740A12B0C990B0084417F /* BuddyStat.swift in Sources */,
				F1B740A02B0C990B0084417F /* CircledFood.swift in Sources */,
				575EABBC2B21DB05000E3AEC /* MoneyView.swift in Sources */,
				F1B7409F2B0C990B0084417F /* MainTestingView.swift in Sources */,
				F1E8F8D02B21D2A300B08B85 /* SideBarInventoryToyView.swift in Sources */,
				F1EA98432B18944C005309D2 /* SettingsView.swift in Sources */,
				575EABA82B21C759000E3AEC /* ProfilListView.swift in Sources */,
				F1619AD82AB8280D00D8FCEE /* HealthBuddyApp.swift in Sources */,
				F1B740A22B0C990B0084417F /* ContentView.swift in Sources */,
				F1EA98422B189430005309D2 /* charNameView.swift in Sources */,
				F1EA984F2B189502005309D2 /* SideBarInvetoryAccessoriesView.swift in Sources */,
				F1EA984B2B1894E4005309D2 /* HomeButtonView.swift in Sources */,
				F1EA98612B18CABD005309D2 /* Cleaner.swift in Sources */,
				F1B740952B0C99050084417F /* DataModel.swift in Sources */,
				5749E3612B1F2BA800DA6482 /* PopupBackgroundBox.swift in Sources */,
				5749E3652B1F321E00DA6482 /* PopupContentBackgroundBox.swift in Sources */,
				575EABBA2B21D626000E3AEC /* LifeCycleBarView.swift in Sources */,
				5725F9952B16292B00289B71 /* charLevelView.swift in Sources */,
				F1EA98492B189493005309D2 /* BottomBarView.swift in Sources */,
				F1EA98522B18952F005309D2 /* NewAccountPage.swift in Sources */,
				5725F9D82B16294F00289B71 /* MapButtonView.swift in Sources */,
				575EAB992B209401000E3AEC /* MapActionView.swift in Sources */,
				5725F9EE2B16294F00289B71 /* SideBarInventoryLookView.swift in Sources */,
				F1EA98472B18948A005309D2 /* MainActivity.swift in Sources */,
				F1EA98652B18D50F005309D2 /* SBInventoryCleanerView.swift in Sources */,
				5725F9E82B16294F00289B71 /* SBInventoryWorldView.swift in Sources */,
				F1B0F13A2B20899E004F9BFA /* Toy.swift in Sources */,
				F1EA98442B189473005309D2 /* BuildSheet.swift in Sources */,
				5725F9F62B16299100289B71 /* WatchView.swift in Sources */,
				F1EA98512B189528005309D2 /* LoginPage.swift in Sources */,
				F1EA98482B189490005309D2 /* ScoreView.swift in Sources */,
				575EABB62B21D282000E3AEC /* HungryBarView.swift in Sources */,
				F1AC8A792B1DCFB600236EA7 /* Droppable.swift in Sources */,
				575EABB82B21D329000E3AEC /* HappynessBarView.swift in Sources */,
				575EAB9F2B21AA24000E3AEC /* CharacterView.swift in Sources */,
				5725F9E52B16294F00289B71 /* SBInvetoryAccessoriesView.swift in Sources */,
				F1EA98412B189428005309D2 /* SettingsButtonView.swift in Sources */,
				F1E8F8CE2B21CFBF00B08B85 /* Data+Toy.swift in Sources */,
				575EABA42B21C67B000E3AEC /* ProfilPictureView.swift in Sources */,
				575EABAA2B21C928000E3AEC /* ExtensionColor.swift in Sources */,
				5725F9E32B16294F00289B71 /* SBInvetoryFoodView.swift in Sources */,
				F1EA984E2B189500005309D2 /* SideBarInventoryClothView.swift in Sources */,
				57ABEDCB2B1E589C0096F920 /* SleepView.swift in Sources */,
				F1EA98452B189475005309D2 /* MainContentView.swift in Sources */,
			);
			runOnlyForDeploymentPostprocessing = 0;
		};
/* End PBXSourcesBuildPhase section */

/* Begin XCBuildConfiguration section */
		F1619AE52AB8280E00D8FCEE /* Debug */ = {
			isa = XCBuildConfiguration;
			buildSettings = {
				ALWAYS_SEARCH_USER_PATHS = NO;
				CLANG_ANALYZER_NONNULL = YES;
				CLANG_ANALYZER_NUMBER_OBJECT_CONVERSION = YES_AGGRESSIVE;
				CLANG_CXX_LANGUAGE_STANDARD = "gnu++20";
				CLANG_ENABLE_MODULES = YES;
				CLANG_ENABLE_OBJC_ARC = YES;
				CLANG_ENABLE_OBJC_WEAK = YES;
				CLANG_WARN_BLOCK_CAPTURE_AUTORELEASING = YES;
				CLANG_WARN_BOOL_CONVERSION = YES;
				CLANG_WARN_COMMA = YES;
				CLANG_WARN_CONSTANT_CONVERSION = YES;
				CLANG_WARN_DEPRECATED_OBJC_IMPLEMENTATIONS = YES;
				CLANG_WARN_DIRECT_OBJC_ISA_USAGE = YES_ERROR;
				CLANG_WARN_DOCUMENTATION_COMMENTS = YES;
				CLANG_WARN_EMPTY_BODY = YES;
				CLANG_WARN_ENUM_CONVERSION = YES;
				CLANG_WARN_INFINITE_RECURSION = YES;
				CLANG_WARN_INT_CONVERSION = YES;
				CLANG_WARN_NON_LITERAL_NULL_CONVERSION = YES;
				CLANG_WARN_OBJC_IMPLICIT_RETAIN_SELF = YES;
				CLANG_WARN_OBJC_LITERAL_CONVERSION = YES;
				CLANG_WARN_OBJC_ROOT_CLASS = YES_ERROR;
				CLANG_WARN_QUOTED_INCLUDE_IN_FRAMEWORK_HEADER = YES;
				CLANG_WARN_RANGE_LOOP_ANALYSIS = YES;
				CLANG_WARN_STRICT_PROTOTYPES = YES;
				CLANG_WARN_SUSPICIOUS_MOVE = YES;
				CLANG_WARN_UNGUARDED_AVAILABILITY = YES_AGGRESSIVE;
				CLANG_WARN_UNREACHABLE_CODE = YES;
				CLANG_WARN__DUPLICATE_METHOD_MATCH = YES;
				COPY_PHASE_STRIP = NO;
				DEBUG_INFORMATION_FORMAT = dwarf;
				ENABLE_STRICT_OBJC_MSGSEND = YES;
				ENABLE_TESTABILITY = YES;
				GCC_C_LANGUAGE_STANDARD = gnu11;
				GCC_DYNAMIC_NO_PIC = NO;
				GCC_NO_COMMON_BLOCKS = YES;
				GCC_OPTIMIZATION_LEVEL = 0;
				GCC_PREPROCESSOR_DEFINITIONS = (
					"DEBUG=1",
					"$(inherited)",
				);
				GCC_WARN_64_TO_32_BIT_CONVERSION = YES;
				GCC_WARN_ABOUT_RETURN_TYPE = YES_ERROR;
				GCC_WARN_UNDECLARED_SELECTOR = YES;
				GCC_WARN_UNINITIALIZED_AUTOS = YES_AGGRESSIVE;
				GCC_WARN_UNUSED_FUNCTION = YES;
				GCC_WARN_UNUSED_VARIABLE = YES;
				IPHONEOS_DEPLOYMENT_TARGET = 16.4;
				MTL_ENABLE_DEBUG_INFO = INCLUDE_SOURCE;
				MTL_FAST_MATH = YES;
				ONLY_ACTIVE_ARCH = YES;
				SDKROOT = iphoneos;
				SWIFT_ACTIVE_COMPILATION_CONDITIONS = DEBUG;
				SWIFT_OPTIMIZATION_LEVEL = "-Onone";
			};
			name = Debug;
		};
		F1619AE62AB8280E00D8FCEE /* Release */ = {
			isa = XCBuildConfiguration;
			buildSettings = {
				ALWAYS_SEARCH_USER_PATHS = NO;
				CLANG_ANALYZER_NONNULL = YES;
				CLANG_ANALYZER_NUMBER_OBJECT_CONVERSION = YES_AGGRESSIVE;
				CLANG_CXX_LANGUAGE_STANDARD = "gnu++20";
				CLANG_ENABLE_MODULES = YES;
				CLANG_ENABLE_OBJC_ARC = YES;
				CLANG_ENABLE_OBJC_WEAK = YES;
				CLANG_WARN_BLOCK_CAPTURE_AUTORELEASING = YES;
				CLANG_WARN_BOOL_CONVERSION = YES;
				CLANG_WARN_COMMA = YES;
				CLANG_WARN_CONSTANT_CONVERSION = YES;
				CLANG_WARN_DEPRECATED_OBJC_IMPLEMENTATIONS = YES;
				CLANG_WARN_DIRECT_OBJC_ISA_USAGE = YES_ERROR;
				CLANG_WARN_DOCUMENTATION_COMMENTS = YES;
				CLANG_WARN_EMPTY_BODY = YES;
				CLANG_WARN_ENUM_CONVERSION = YES;
				CLANG_WARN_INFINITE_RECURSION = YES;
				CLANG_WARN_INT_CONVERSION = YES;
				CLANG_WARN_NON_LITERAL_NULL_CONVERSION = YES;
				CLANG_WARN_OBJC_IMPLICIT_RETAIN_SELF = YES;
				CLANG_WARN_OBJC_LITERAL_CONVERSION = YES;
				CLANG_WARN_OBJC_ROOT_CLASS = YES_ERROR;
				CLANG_WARN_QUOTED_INCLUDE_IN_FRAMEWORK_HEADER = YES;
				CLANG_WARN_RANGE_LOOP_ANALYSIS = YES;
				CLANG_WARN_STRICT_PROTOTYPES = YES;
				CLANG_WARN_SUSPICIOUS_MOVE = YES;
				CLANG_WARN_UNGUARDED_AVAILABILITY = YES_AGGRESSIVE;
				CLANG_WARN_UNREACHABLE_CODE = YES;
				CLANG_WARN__DUPLICATE_METHOD_MATCH = YES;
				COPY_PHASE_STRIP = NO;
				DEBUG_INFORMATION_FORMAT = "dwarf-with-dsym";
				ENABLE_NS_ASSERTIONS = NO;
				ENABLE_STRICT_OBJC_MSGSEND = YES;
				GCC_C_LANGUAGE_STANDARD = gnu11;
				GCC_NO_COMMON_BLOCKS = YES;
				GCC_WARN_64_TO_32_BIT_CONVERSION = YES;
				GCC_WARN_ABOUT_RETURN_TYPE = YES_ERROR;
				GCC_WARN_UNDECLARED_SELECTOR = YES;
				GCC_WARN_UNINITIALIZED_AUTOS = YES_AGGRESSIVE;
				GCC_WARN_UNUSED_FUNCTION = YES;
				GCC_WARN_UNUSED_VARIABLE = YES;
				IPHONEOS_DEPLOYMENT_TARGET = 16.4;
				MTL_ENABLE_DEBUG_INFO = NO;
				MTL_FAST_MATH = YES;
				SDKROOT = iphoneos;
				SWIFT_COMPILATION_MODE = wholemodule;
				SWIFT_OPTIMIZATION_LEVEL = "-O";
				VALIDATE_PRODUCT = YES;
			};
			name = Release;
		};
		F1619AE82AB8280E00D8FCEE /* Debug */ = {
			isa = XCBuildConfiguration;
			buildSettings = {
				ASSETCATALOG_COMPILER_APPICON_NAME = AppIcon;
				ASSETCATALOG_COMPILER_GLOBAL_ACCENT_COLOR_NAME = AccentColor;
				CODE_SIGN_STYLE = Automatic;
				CURRENT_PROJECT_VERSION = 1;
				DEVELOPMENT_ASSET_PATHS = "\"HealthBuddy/Preview Content\"";
				ENABLE_PREVIEWS = YES;
				GENERATE_INFOPLIST_FILE = YES;
				INFOPLIST_FILE = HealthBuddy/Info.plist;
				INFOPLIST_KEY_UIApplicationSceneManifest_Generation = YES;
				INFOPLIST_KEY_UIApplicationSupportsIndirectInputEvents = YES;
				INFOPLIST_KEY_UILaunchScreen_Generation = YES;
				INFOPLIST_KEY_UISupportedInterfaceOrientations_iPad = "UIInterfaceOrientationPortrait UIInterfaceOrientationPortraitUpsideDown UIInterfaceOrientationLandscapeLeft UIInterfaceOrientationLandscapeRight";
				INFOPLIST_KEY_UISupportedInterfaceOrientations_iPhone = "UIInterfaceOrientationPortrait UIInterfaceOrientationLandscapeLeft UIInterfaceOrientationLandscapeRight";
				LD_RUNPATH_SEARCH_PATHS = (
					"$(inherited)",
					"@executable_path/Frameworks",
				);
				MARKETING_VERSION = 1.0;
				PRODUCT_BUNDLE_IDENTIFIER = be.technifutur.HealthBuddy;
				PRODUCT_NAME = "$(TARGET_NAME)";
				SWIFT_EMIT_LOC_STRINGS = YES;
				SWIFT_VERSION = 5.0;
				TARGETED_DEVICE_FAMILY = "1,2";
			};
			name = Debug;
		};
		F1619AE92AB8280E00D8FCEE /* Release */ = {
			isa = XCBuildConfiguration;
			buildSettings = {
				ASSETCATALOG_COMPILER_APPICON_NAME = AppIcon;
				ASSETCATALOG_COMPILER_GLOBAL_ACCENT_COLOR_NAME = AccentColor;
				CODE_SIGN_STYLE = Automatic;
				CURRENT_PROJECT_VERSION = 1;
				DEVELOPMENT_ASSET_PATHS = "\"HealthBuddy/Preview Content\"";
				ENABLE_PREVIEWS = YES;
				GENERATE_INFOPLIST_FILE = YES;
				INFOPLIST_FILE = HealthBuddy/Info.plist;
				INFOPLIST_KEY_UIApplicationSceneManifest_Generation = YES;
				INFOPLIST_KEY_UIApplicationSupportsIndirectInputEvents = YES;
				INFOPLIST_KEY_UILaunchScreen_Generation = YES;
				INFOPLIST_KEY_UISupportedInterfaceOrientations_iPad = "UIInterfaceOrientationPortrait UIInterfaceOrientationPortraitUpsideDown UIInterfaceOrientationLandscapeLeft UIInterfaceOrientationLandscapeRight";
				INFOPLIST_KEY_UISupportedInterfaceOrientations_iPhone = "UIInterfaceOrientationPortrait UIInterfaceOrientationLandscapeLeft UIInterfaceOrientationLandscapeRight";
				LD_RUNPATH_SEARCH_PATHS = (
					"$(inherited)",
					"@executable_path/Frameworks",
				);
				MARKETING_VERSION = 1.0;
				PRODUCT_BUNDLE_IDENTIFIER = be.technifutur.HealthBuddy;
				PRODUCT_NAME = "$(TARGET_NAME)";
				SWIFT_EMIT_LOC_STRINGS = YES;
				SWIFT_VERSION = 5.0;
				TARGETED_DEVICE_FAMILY = "1,2";
			};
			name = Release;
		};
/* End XCBuildConfiguration section */

/* Begin XCConfigurationList section */
		F1619ACF2AB8280D00D8FCEE /* Build configuration list for PBXProject "HealthBuddy" */ = {
			isa = XCConfigurationList;
			buildConfigurations = (
				F1619AE52AB8280E00D8FCEE /* Debug */,
				F1619AE62AB8280E00D8FCEE /* Release */,
			);
			defaultConfigurationIsVisible = 0;
			defaultConfigurationName = Release;
		};
		F1619AE72AB8280E00D8FCEE /* Build configuration list for PBXNativeTarget "HealthBuddy" */ = {
			isa = XCConfigurationList;
			buildConfigurations = (
				F1619AE82AB8280E00D8FCEE /* Debug */,
				F1619AE92AB8280E00D8FCEE /* Release */,
			);
			defaultConfigurationIsVisible = 0;
			defaultConfigurationName = Release;
		};
/* End XCConfigurationList section */

/* Begin XCRemoteSwiftPackageReference section */
		575EAB9B2B21A9CF000E3AEC /* XCRemoteSwiftPackageReference "rive-ios" */ = {
			isa = XCRemoteSwiftPackageReference;
			repositoryURL = "https://github.com/rive-app/rive-ios";
			requirement = {
				kind = upToNextMajorVersion;
				minimumVersion = 5.6.3;
			};
		};
/* End XCRemoteSwiftPackageReference section */

/* Begin XCSwiftPackageProductDependency section */
		575EAB9C2B21A9CF000E3AEC /* RiveRuntime */ = {
			isa = XCSwiftPackageProductDependency;
			package = 575EAB9B2B21A9CF000E3AEC /* XCRemoteSwiftPackageReference "rive-ios" */;
			productName = RiveRuntime;
		};
/* End XCSwiftPackageProductDependency section */

/* Begin XCVersionGroup section */
		F1619AE22AB8280E00D8FCEE /* HealthBuddy.xcdatamodeld */ = {
			isa = XCVersionGroup;
			children = (
				F1619AE32AB8280E00D8FCEE /* HealthBuddy.xcdatamodel */,
			);
			currentVersion = F1619AE32AB8280E00D8FCEE /* HealthBuddy.xcdatamodel */;
			path = HealthBuddy.xcdatamodeld;
			sourceTree = "<group>";
			versionGroupType = wrapper.xcdatamodel;
		};
/* End XCVersionGroup section */
	};
	rootObject = F1619ACC2AB8280D00D8FCEE /* Project object */;
}
