// !$*UTF8*$!
{
	archiveVersion = 1;
	classes = {
	};
	objectVersion = 56;
	objects = {

/* Begin PBXBuildFile section */
		F1619AD82AB8280D00D8FCEE /* HealthBuddyApp.swift in Sources */ = {isa = PBXBuildFile; fileRef = F1619AD72AB8280D00D8FCEE /* HealthBuddyApp.swift */; };
		F1619ADA2AB8280D00D8FCEE /* ContentView.swift in Sources */ = {isa = PBXBuildFile; fileRef = F1619AD92AB8280D00D8FCEE /* ContentView.swift */; };
		F1619ADC2AB8280E00D8FCEE /* Assets.xcassets in Resources */ = {isa = PBXBuildFile; fileRef = F1619ADB2AB8280E00D8FCEE /* Assets.xcassets */; };
		F1619ADF2AB8280E00D8FCEE /* Preview Assets.xcassets in Resources */ = {isa = PBXBuildFile; fileRef = F1619ADE2AB8280E00D8FCEE /* Preview Assets.xcassets */; };
		F1619AE12AB8280E00D8FCEE /* Persistence.swift in Sources */ = {isa = PBXBuildFile; fileRef = F1619AE02AB8280E00D8FCEE /* Persistence.swift */; };
		F1619AE42AB8280E00D8FCEE /* HealthBuddy.xcdatamodeld in Sources */ = {isa = PBXBuildFile; fileRef = F1619AE22AB8280E00D8FCEE /* HealthBuddy.xcdatamodeld */; };
/* End PBXBuildFile section */

/* Begin PBXFileReference section */
		F1619AD42AB8280D00D8FCEE /* HealthBuddy.app */ = {isa = PBXFileReference; explicitFileType = wrapper.application; includeInIndex = 0; path = HealthBuddy.app; sourceTree = BUILT_PRODUCTS_DIR; };
		F1619AD72AB8280D00D8FCEE /* HealthBuddyApp.swift */ = {isa = PBXFileReference; lastKnownFileType = sourcecode.swift; path = HealthBuddyApp.swift; sourceTree = "<group>"; };
		F1619AD92AB8280D00D8FCEE /* ContentView.swift */ = {isa = PBXFileReference; lastKnownFileType = sourcecode.swift; path = ContentView.swift; sourceTree = "<group>"; };
		F1619ADB2AB8280E00D8FCEE /* Assets.xcassets */ = {isa = PBXFileReference; lastKnownFileType = folder.assetcatalog; path = Assets.xcassets; sourceTree = "<group>"; };
		F1619ADE2AB8280E00D8FCEE /* Preview Assets.xcassets */ = {isa = PBXFileReference; lastKnownFileType = folder.assetcatalog; path = "Preview Assets.xcassets"; sourceTree = "<group>"; };
		F1619AE02AB8280E00D8FCEE /* Persistence.swift */ = {isa = PBXFileReference; lastKnownFileType = sourcecode.swift; path = Persistence.swift; sourceTree = "<group>"; };
		F1619AE32AB8280E00D8FCEE /* HealthBuddy.xcdatamodel */ = {isa = PBXFileReference; lastKnownFileType = wrapper.xcdatamodel; path = HealthBuddy.xcdatamodel; sourceTree = "<group>"; };
/* End PBXFileReference section */

/* Begin PBXFrameworksBuildPhase section */
		F1619AD12AB8280D00D8FCEE /* Frameworks */ = {
			isa = PBXFrameworksBuildPhase;
			buildActionMask = 2147483647;
			files = (
			);
			runOnlyForDeploymentPostprocessing = 0;
		};
/* End PBXFrameworksBuildPhase section */

/* Begin PBXGroup section */
		F1619ACB2AB8280D00D8FCEE = {
			isa = PBXGroup;
			children = (
				F1619AD62AB8280D00D8FCEE /* HealthBuddy */,
				F1619AD52AB8280D00D8FCEE /* Products */,
			);
			sourceTree = "<group>";
		};
		F1619AD52AB8280D00D8FCEE /* Products */ = {
			isa = PBXGroup;
			children = (
				F1619AD42AB8280D00D8FCEE /* HealthBuddy.app */,
			);
			name = Products;
			sourceTree = "<group>";
		};
		F1619AD62AB8280D00D8FCEE /* HealthBuddy */ = {
			isa = PBXGroup;
			children = (
				F1619AD72AB8280D00D8FCEE /* HealthBuddyApp.swift */,
				F1619AD92AB8280D00D8FCEE /* ContentView.swift */,
				F1619ADB2AB8280E00D8FCEE /* Assets.xcassets */,
				F1619AE02AB8280E00D8FCEE /* Persistence.swift */,
				F1619AE22AB8280E00D8FCEE /* HealthBuddy.xcdatamodeld */,
				F1619ADD2AB8280E00D8FCEE /* Preview Content */,
			);
			path = HealthBuddy;
			sourceTree = "<group>";
		};
		F1619ADD2AB8280E00D8FCEE /* Preview Content */ = {
			isa = PBXGroup;
			children = (
				F1619ADE2AB8280E00D8FCEE /* Preview Assets.xcassets */,
			);
			path = "Preview Content";
			sourceTree = "<group>";
		};
/* End PBXGroup section */

/* Begin PBXNativeTarget section */
		F1619AD32AB8280D00D8FCEE /* HealthBuddy */ = {
			isa = PBXNativeTarget;
			buildConfigurationList = F1619AE72AB8280E00D8FCEE /* Build configuration list for PBXNativeTarget "HealthBuddy" */;
			buildPhases = (
				F1619AD02AB8280D00D8FCEE /* Sources */,
				F1619AD12AB8280D00D8FCEE /* Frameworks */,
				F1619AD22AB8280D00D8FCEE /* Resources */,
			);
			buildRules = (
			);
			dependencies = (
			);
			name = HealthBuddy;
			productName = HealthBuddy;
			productReference = F1619AD42AB8280D00D8FCEE /* HealthBuddy.app */;
			productType = "com.apple.product-type.application";
		};
/* End PBXNativeTarget section */

/* Begin PBXProject section */
		F1619ACC2AB8280D00D8FCEE /* Project object */ = {
			isa = PBXProject;
			attributes = {
				BuildIndependentTargetsInParallel = 1;
				LastSwiftUpdateCheck = 1430;
				LastUpgradeCheck = 1430;
				TargetAttributes = {
					F1619AD32AB8280D00D8FCEE = {
						CreatedOnToolsVersion = 14.3;
					};
				};
			};
			buildConfigurationList = F1619ACF2AB8280D00D8FCEE /* Build configuration list for PBXProject "HealthBuddy" */;
			compatibilityVersion = "Xcode 14.0";
			developmentRegion = en;
			hasScannedForEncodings = 0;
			knownRegions = (
				en,
				Base,
			);
			mainGroup = F1619ACB2AB8280D00D8FCEE;
			productRefGroup = F1619AD52AB8280D00D8FCEE /* Products */;
			projectDirPath = "";
			projectRoot = "";
			targets = (
				F1619AD32AB8280D00D8FCEE /* HealthBuddy */,
			);
		};
/* End PBXProject section */

/* Begin PBXResourcesBuildPhase section */
		F1619AD22AB8280D00D8FCEE /* Resources */ = {
			isa = PBXResourcesBuildPhase;
			buildActionMask = 2147483647;
			files = (
				F1619ADF2AB8280E00D8FCEE /* Preview Assets.xcassets in Resources */,
				F1619ADC2AB8280E00D8FCEE /* Assets.xcassets in Resources */,
			);
			runOnlyForDeploymentPostprocessing = 0;
		};
/* End PBXResourcesBuildPhase section */

/* Begin PBXSourcesBuildPhase section */
		F1619AD02AB8280D00D8FCEE /* Sources */ = {
			isa = PBXSourcesBuildPhase;
			buildActionMask = 2147483647;
			files = (
				F1619AE12AB8280E00D8FCEE /* Persistence.swift in Sources */,
				F1619ADA2AB8280D00D8FCEE /* ContentView.swift in Sources */,
				F1619AE42AB8280E00D8FCEE /* HealthBuddy.xcdatamodeld in Sources */,
				F1619AD82AB8280D00D8FCEE /* HealthBuddyApp.swift in Sources */,
			);
			runOnlyForDeploymentPostprocessing = 0;
		};
/* End PBXSourcesBuildPhase section */

/* Begin XCBuildConfiguration section */
		F1619AE52AB8280E00D8FCEE /* Debug */ = {
			isa = XCBuildConfiguration;
			buildSettings = {
				ALWAYS_SEARCH_USER_PATHS = NO;
				CLANG_ANALYZER_NONNULL = YES;
				CLANG_ANALYZER_NUMBER_OBJECT_CONVERSION = YES_AGGRESSIVE;
				CLANG_CXX_LANGUAGE_STANDARD = "gnu++20";
				CLANG_ENABLE_MODULES = YES;
				CLANG_ENABLE_OBJC_ARC = YES;
				CLANG_ENABLE_OBJC_WEAK = YES;
				CLANG_WARN_BLOCK_CAPTURE_AUTORELEASING = YES;
				CLANG_WARN_BOOL_CONVERSION = YES;
				CLANG_WARN_COMMA = YES;
				CLANG_WARN_CONSTANT_CONVERSION = YES;
				CLANG_WARN_DEPRECATED_OBJC_IMPLEMENTATIONS = YES;
				CLANG_WARN_DIRECT_OBJC_ISA_USAGE = YES_ERROR;
				CLANG_WARN_DOCUMENTATION_COMMENTS = YES;
				CLANG_WARN_EMPTY_BODY = YES;
				CLANG_WARN_ENUM_CONVERSION = YES;
				CLANG_WARN_INFINITE_RECURSION = YES;
				CLANG_WARN_INT_CONVERSION = YES;
				CLANG_WARN_NON_LITERAL_NULL_CONVERSION = YES;
				CLANG_WARN_OBJC_IMPLICIT_RETAIN_SELF = YES;
				CLANG_WARN_OBJC_LITERAL_CONVERSION = YES;
				CLANG_WARN_OBJC_ROOT_CLASS = YES_ERROR;
				CLANG_WARN_QUOTED_INCLUDE_IN_FRAMEWORK_HEADER = YES;
				CLANG_WARN_RANGE_LOOP_ANALYSIS = YES;
				CLANG_WARN_STRICT_PROTOTYPES = YES;
				CLANG_WARN_SUSPICIOUS_MOVE = YES;
				CLANG_WARN_UNGUARDED_AVAILABILITY = YES_AGGRESSIVE;
				CLANG_WARN_UNREACHABLE_CODE = YES;
				CLANG_WARN__DUPLICATE_METHOD_MATCH = YES;
				COPY_PHASE_STRIP = NO;
				DEBUG_INFORMATION_FORMAT = dwarf;
				ENABLE_STRICT_OBJC_MSGSEND = YES;
				ENABLE_TESTABILITY = YES;
				GCC_C_LANGUAGE_STANDARD = gnu11;
				GCC_DYNAMIC_NO_PIC = NO;
				GCC_NO_COMMON_BLOCKS = YES;
				GCC_OPTIMIZATION_LEVEL = 0;
				GCC_PREPROCESSOR_DEFINITIONS = (
					"DEBUG=1",
					"$(inherited)",
				);
				GCC_WARN_64_TO_32_BIT_CONVERSION = YES;
				GCC_WARN_ABOUT_RETURN_TYPE = YES_ERROR;
				GCC_WARN_UNDECLARED_SELECTOR = YES;
				GCC_WARN_UNINITIALIZED_AUTOS = YES_AGGRESSIVE;
				GCC_WARN_UNUSED_FUNCTION = YES;
				GCC_WARN_UNUSED_VARIABLE = YES;
				IPHONEOS_DEPLOYMENT_TARGET = 16.4;
				MTL_ENABLE_DEBUG_INFO = INCLUDE_SOURCE;
				MTL_FAST_MATH = YES;
				ONLY_ACTIVE_ARCH = YES;
				SDKROOT = iphoneos;
				SWIFT_ACTIVE_COMPILATION_CONDITIONS = DEBUG;
				SWIFT_OPTIMIZATION_LEVEL = "-Onone";
			};
			name = Debug;
		};
		F1619AE62AB8280E00D8FCEE /* Release */ = {
			isa = XCBuildConfiguration;
			buildSettings = {
				ALWAYS_SEARCH_USER_PATHS = NO;
				CLANG_ANALYZER_NONNULL = YES;
				CLANG_ANALYZER_NUMBER_OBJECT_CONVERSION = YES_AGGRESSIVE;
				CLANG_CXX_LANGUAGE_STANDARD = "gnu++20";
				CLANG_ENABLE_MODULES = YES;
				CLANG_ENABLE_OBJC_ARC = YES;
				CLANG_ENABLE_OBJC_WEAK = YES;
				CLANG_WARN_BLOCK_CAPTURE_AUTORELEASING = YES;
				CLANG_WARN_BOOL_CONVERSION = YES;
				CLANG_WARN_COMMA = YES;
				CLANG_WARN_CONSTANT_CONVERSION = YES;
				CLANG_WARN_DEPRECATED_OBJC_IMPLEMENTATIONS = YES;
				CLANG_WARN_DIRECT_OBJC_ISA_USAGE = YES_ERROR;
				CLANG_WARN_DOCUMENTATION_COMMENTS = YES;
				CLANG_WARN_EMPTY_BODY = YES;
				CLANG_WARN_ENUM_CONVERSION = YES;
				CLANG_WARN_INFINITE_RECURSION = YES;
				CLANG_WARN_INT_CONVERSION = YES;
				CLANG_WARN_NON_LITERAL_NULL_CONVERSION = YES;
				CLANG_WARN_OBJC_IMPLICIT_RETAIN_SELF = YES;
				CLANG_WARN_OBJC_LITERAL_CONVERSION = YES;
				CLANG_WARN_OBJC_ROOT_CLASS = YES_ERROR;
				CLANG_WARN_QUOTED_INCLUDE_IN_FRAMEWORK_HEADER = YES;
				CLANG_WARN_RANGE_LOOP_ANALYSIS = YES;
				CLANG_WARN_STRICT_PROTOTYPES = YES;
				CLANG_WARN_SUSPICIOUS_MOVE = YES;
				CLANG_WARN_UNGUARDED_AVAILABILITY = YES_AGGRESSIVE;
				CLANG_WARN_UNREACHABLE_CODE = YES;
				CLANG_WARN__DUPLICATE_METHOD_MATCH = YES;
				COPY_PHASE_STRIP = NO;
				DEBUG_INFORMATION_FORMAT = "dwarf-with-dsym";
				ENABLE_NS_ASSERTIONS = NO;
				ENABLE_STRICT_OBJC_MSGSEND = YES;
				GCC_C_LANGUAGE_STANDARD = gnu11;
				GCC_NO_COMMON_BLOCKS = YES;
				GCC_WARN_64_TO_32_BIT_CONVERSION = YES;
				GCC_WARN_ABOUT_RETURN_TYPE = YES_ERROR;
				GCC_WARN_UNDECLARED_SELECTOR = YES;
				GCC_WARN_UNINITIALIZED_AUTOS = YES_AGGRESSIVE;
				GCC_WARN_UNUSED_FUNCTION = YES;
				GCC_WARN_UNUSED_VARIABLE = YES;
				IPHONEOS_DEPLOYMENT_TARGET = 16.4;
				MTL_ENABLE_DEBUG_INFO = NO;
				MTL_FAST_MATH = YES;
				SDKROOT = iphoneos;
				SWIFT_COMPILATION_MODE = wholemodule;
				SWIFT_OPTIMIZATION_LEVEL = "-O";
				VALIDATE_PRODUCT = YES;
			};
			name = Release;
		};
		F1619AE82AB8280E00D8FCEE /* Debug */ = {
			isa = XCBuildConfiguration;
			buildSettings = {
				ASSETCATALOG_COMPILER_APPICON_NAME = AppIcon;
				ASSETCATALOG_COMPILER_GLOBAL_ACCENT_COLOR_NAME = AccentColor;
				CODE_SIGN_STYLE = Automatic;
				CURRENT_PROJECT_VERSION = 1;
				DEVELOPMENT_ASSET_PATHS = "\"HealthBuddy/Preview Content\"";
				ENABLE_PREVIEWS = YES;
				GENERATE_INFOPLIST_FILE = YES;
				INFOPLIST_KEY_UIApplicationSceneManifest_Generation = YES;
				INFOPLIST_KEY_UIApplicationSupportsIndirectInputEvents = YES;
				INFOPLIST_KEY_UILaunchScreen_Generation = YES;
				INFOPLIST_KEY_UISupportedInterfaceOrientations_iPad = "UIInterfaceOrientationPortrait UIInterfaceOrientationPortraitUpsideDown UIInterfaceOrientationLandscapeLeft UIInterfaceOrientationLandscapeRight";
				INFOPLIST_KEY_UISupportedInterfaceOrientations_iPhone = "UIInterfaceOrientationPortrait UIInterfaceOrientationLandscapeLeft UIInterfaceOrientationLandscapeRight";
				LD_RUNPATH_SEARCH_PATHS = (
					"$(inherited)",
					"@executable_path/Frameworks",
				);
				MARKETING_VERSION = 1.0;
				PRODUCT_BUNDLE_IDENTIFIER = be.technifutur.HealthBuddy;
				PRODUCT_NAME = "$(TARGET_NAME)";
				SWIFT_EMIT_LOC_STRINGS = YES;
				SWIFT_VERSION = 5.0;
				TARGETED_DEVICE_FAMILY = "1,2";
			};
			name = Debug;
		};
		F1619AE92AB8280E00D8FCEE /* Release */ = {
			isa = XCBuildConfiguration;
			buildSettings = {
				ASSETCATALOG_COMPILER_APPICON_NAME = AppIcon;
				ASSETCATALOG_COMPILER_GLOBAL_ACCENT_COLOR_NAME = AccentColor;
				CODE_SIGN_STYLE = Automatic;
				CURRENT_PROJECT_VERSION = 1;
				DEVELOPMENT_ASSET_PATHS = "\"HealthBuddy/Preview Content\"";
				ENABLE_PREVIEWS = YES;
				GENERATE_INFOPLIST_FILE = YES;
				INFOPLIST_KEY_UIApplicationSceneManifest_Generation = YES;
				INFOPLIST_KEY_UIApplicationSupportsIndirectInputEvents = YES;
				INFOPLIST_KEY_UILaunchScreen_Generation = YES;
				INFOPLIST_KEY_UISupportedInterfaceOrientations_iPad = "UIInterfaceOrientationPortrait UIInterfaceOrientationPortraitUpsideDown UIInterfaceOrientationLandscapeLeft UIInterfaceOrientationLandscapeRight";
				INFOPLIST_KEY_UISupportedInterfaceOrientations_iPhone = "UIInterfaceOrientationPortrait UIInterfaceOrientationLandscapeLeft UIInterfaceOrientationLandscapeRight";
				LD_RUNPATH_SEARCH_PATHS = (
					"$(inherited)",
					"@executable_path/Frameworks",
				);
				MARKETING_VERSION = 1.0;
				PRODUCT_BUNDLE_IDENTIFIER = be.technifutur.HealthBuddy;
				PRODUCT_NAME = "$(TARGET_NAME)";
				SWIFT_EMIT_LOC_STRINGS = YES;
				SWIFT_VERSION = 5.0;
				TARGETED_DEVICE_FAMILY = "1,2";
			};
			name = Release;
		};
/* End XCBuildConfiguration section */

/* Begin XCConfigurationList section */
		F1619ACF2AB8280D00D8FCEE /* Build configuration list for PBXProject "HealthBuddy" */ = {
			isa = XCConfigurationList;
			buildConfigurations = (
				F1619AE52AB8280E00D8FCEE /* Debug */,
				F1619AE62AB8280E00D8FCEE /* Release */,
			);
			defaultConfigurationIsVisible = 0;
			defaultConfigurationName = Release;
		};
		F1619AE72AB8280E00D8FCEE /* Build configuration list for PBXNativeTarget "HealthBuddy" */ = {
			isa = XCConfigurationList;
			buildConfigurations = (
				F1619AE82AB8280E00D8FCEE /* Debug */,
				F1619AE92AB8280E00D8FCEE /* Release */,
			);
			defaultConfigurationIsVisible = 0;
			defaultConfigurationName = Release;
		};
/* End XCConfigurationList section */

/* Begin XCVersionGroup section */
		F1619AE22AB8280E00D8FCEE /* HealthBuddy.xcdatamodeld */ = {
			isa = XCVersionGroup;
			children = (
				F1619AE32AB8280E00D8FCEE /* HealthBuddy.xcdatamodel */,
			);
			currentVersion = F1619AE32AB8280E00D8FCEE /* HealthBuddy.xcdatamodel */;
			path = HealthBuddy.xcdatamodeld;
			sourceTree = "<group>";
			versionGroupType = wrapper.xcdatamodel;
		};
/* End XCVersionGroup section */
	};
	rootObject = F1619ACC2AB8280D00D8FCEE /* Project object */;
}
